{
  "version": 4,
  "terraform_version": "1.13.5",
  "serial": 31,
  "lineage": "d3a3b188-c4c9-0dc1-ad15-6cd209826a07",
  "outputs": {},
  "resources": [
    {
      "module": "module.iam",
      "mode": "managed",
      "type": "google_project_iam_member",
      "name": "sa_roles_per_role",
      "provider": "provider[\"registry.terraform.io/hashicorp/google\"]",
      "instances": [
        {
          "index_key": "app-runner|roles/compute.viewer",
          "schema_version": 0,
          "attributes": {
            "condition": [],
            "etag": "BwZFDA6s9qs=",
            "id": "massive-sandbox-477717-k3/roles/compute.viewer/serviceAccount:app-runner@massive-sandbox-477717-k3.iam.gserviceaccount.com",
            "member": "serviceAccount:app-runner@massive-sandbox-477717-k3.iam.gserviceaccount.com",
            "project": "massive-sandbox-477717-k3",
            "role": "roles/compute.viewer"
          },
          "sensitive_attributes": [],
          "identity_schema_version": 0,
          "private": "bnVsbA==",
          "dependencies": [
            "module.iam.google_service_account.accounts"
          ]
        },
        {
          "index_key": "app-runner|roles/logging.logWriter",
          "schema_version": 0,
          "attributes": {
            "condition": [],
            "etag": "BwZFDA6s9qs=",
            "id": "massive-sandbox-477717-k3/roles/logging.logWriter/serviceAccount:app-runner@massive-sandbox-477717-k3.iam.gserviceaccount.com",
            "member": "serviceAccount:app-runner@massive-sandbox-477717-k3.iam.gserviceaccount.com",
            "project": "massive-sandbox-477717-k3",
            "role": "roles/logging.logWriter"
          },
          "sensitive_attributes": [],
          "identity_schema_version": 0,
          "private": "bnVsbA==",
          "dependencies": [
            "module.iam.google_service_account.accounts"
          ]
        }
      ]
    },
    {
      "module": "module.iam",
      "mode": "managed",
      "type": "google_service_account",
      "name": "accounts",
      "provider": "provider[\"registry.terraform.io/hashicorp/google\"]",
      "instances": [
        {
          "index_key": "app-runner",
          "schema_version": 0,
          "attributes": {
            "account_id": "app-runner",
            "create_ignore_already_exists": null,
            "description": "",
            "disabled": false,
            "display_name": "App Runner",
            "email": "app-runner@massive-sandbox-477717-k3.iam.gserviceaccount.com",
            "id": "projects/massive-sandbox-477717-k3/serviceAccounts/app-runner@massive-sandbox-477717-k3.iam.gserviceaccount.com",
            "member": "serviceAccount:app-runner@massive-sandbox-477717-k3.iam.gserviceaccount.com",
            "name": "projects/massive-sandbox-477717-k3/serviceAccounts/app-runner@massive-sandbox-477717-k3.iam.gserviceaccount.com",
            "project": "massive-sandbox-477717-k3",
            "timeouts": null,
            "unique_id": "108564540824592956924"
          },
          "sensitive_attributes": [],
          "identity_schema_version": 0,
          "private": "eyJlMmJmYjczMC1lY2FhLTExZTYtOGY4OC0zNDM2M2JjN2M0YzAiOnsiY3JlYXRlIjozMDAwMDAwMDAwMDB9fQ=="
        }
      ]
    },
    {
      "module": "module.network",
      "mode": "managed",
      "type": "google_compute_firewall",
      "name": "http",
      "provider": "provider[\"registry.terraform.io/hashicorp/google\"]",
      "instances": [
        {
          "index_key": 0,
          "schema_version": 1,
          "attributes": {
            "allow": [
              {
                "ports": [
                  "80"
                ],
                "protocol": "tcp"
              }
            ],
            "creation_timestamp": "2025-12-03T04:54:42.534-08:00",
            "deny": [],
            "description": "",
            "destination_ranges": [],
            "direction": "INGRESS",
            "disabled": false,
            "enable_logging": null,
            "id": "projects/massive-sandbox-477717-k3/global/firewalls/dev-network-dev-allow-http",
            "log_config": [],
            "name": "dev-network-dev-allow-http",
            "network": "https://www.googleapis.com/compute/v1/projects/massive-sandbox-477717-k3/global/networks/dev-network-dev",
            "params": [],
            "priority": 1000,
            "project": "massive-sandbox-477717-k3",
            "self_link": "https://www.googleapis.com/compute/v1/projects/massive-sandbox-477717-k3/global/firewalls/dev-network-dev-allow-http",
            "source_ranges": [
              "0.0.0.0/0"
            ],
            "source_service_accounts": [],
            "source_tags": [],
            "target_service_accounts": [],
            "target_tags": [
              "http"
            ],
            "timeouts": null
          },
          "sensitive_attributes": [],
          "identity_schema_version": 0,
          "private": "eyJlMmJmYjczMC1lY2FhLTExZTYtOGY4OC0zNDM2M2JjN2M0YzAiOnsiY3JlYXRlIjoxMjAwMDAwMDAwMDAwLCJkZWxldGUiOjEyMDAwMDAwMDAwMDAsInVwZGF0ZSI6MTIwMDAwMDAwMDAwMH0sInNjaGVtYV92ZXJzaW9uIjoiMSJ9",
          "dependencies": [
            "module.network.google_compute_network.vpc"
          ]
        }
      ]
    },
    {
      "module": "module.network",
      "mode": "managed",
      "type": "google_compute_firewall",
      "name": "https",
      "provider": "provider[\"registry.terraform.io/hashicorp/google\"]",
      "instances": [
        {
          "index_key": 0,
          "schema_version": 1,
          "attributes": {
            "allow": [
              {
                "ports": [
                  "443"
                ],
                "protocol": "tcp"
              }
            ],
            "creation_timestamp": "2025-12-03T04:54:42.471-08:00",
            "deny": [],
            "description": "",
            "destination_ranges": [],
            "direction": "INGRESS",
            "disabled": false,
            "enable_logging": null,
            "id": "projects/massive-sandbox-477717-k3/global/firewalls/dev-network-dev-allow-https",
            "log_config": [],
            "name": "dev-network-dev-allow-https",
            "network": "https://www.googleapis.com/compute/v1/projects/massive-sandbox-477717-k3/global/networks/dev-network-dev",
            "params": [],
            "priority": 1000,
            "project": "massive-sandbox-477717-k3",
            "self_link": "https://www.googleapis.com/compute/v1/projects/massive-sandbox-477717-k3/global/firewalls/dev-network-dev-allow-https",
            "source_ranges": [
              "0.0.0.0/0"
            ],
            "source_service_accounts": [],
            "source_tags": [],
            "target_service_accounts": [],
            "target_tags": [
              "https"
            ],
            "timeouts": null
          },
          "sensitive_attributes": [],
          "identity_schema_version": 0,
          "private": "eyJlMmJmYjczMC1lY2FhLTExZTYtOGY4OC0zNDM2M2JjN2M0YzAiOnsiY3JlYXRlIjoxMjAwMDAwMDAwMDAwLCJkZWxldGUiOjEyMDAwMDAwMDAwMDAsInVwZGF0ZSI6MTIwMDAwMDAwMDAwMH0sInNjaGVtYV92ZXJzaW9uIjoiMSJ9",
          "dependencies": [
            "module.network.google_compute_network.vpc"
          ]
        }
      ]
    },
    {
      "module": "module.network",
      "mode": "managed",
      "type": "google_compute_firewall",
      "name": "internal",
      "provider": "provider[\"registry.terraform.io/hashicorp/google\"]",
      "instances": [
        {
          "schema_version": 1,
          "attributes": {
            "allow": [
              {
                "ports": [
                  "0-65535"
                ],
                "protocol": "tcp"
              },
              {
                "ports": [
                  "0-65535"
                ],
                "protocol": "udp"
              },
              {
                "ports": [],
                "protocol": "icmp"
              }
            ],
            "creation_timestamp": "2025-12-03T04:54:42.445-08:00",
            "deny": [],
            "description": "",
            "destination_ranges": [],
            "direction": "INGRESS",
            "disabled": false,
            "enable_logging": null,
            "id": "projects/massive-sandbox-477717-k3/global/firewalls/dev-network-dev-allow-internal",
            "log_config": [],
            "name": "dev-network-dev-allow-internal",
            "network": "https://www.googleapis.com/compute/v1/projects/massive-sandbox-477717-k3/global/networks/dev-network-dev",
            "params": [],
            "priority": 1000,
            "project": "massive-sandbox-477717-k3",
            "self_link": "https://www.googleapis.com/compute/v1/projects/massive-sandbox-477717-k3/global/firewalls/dev-network-dev-allow-internal",
            "source_ranges": [
              "10.0.0.0/24",
              "10.0.1.0/24",
              "10.0.10.0/24",
              "10.0.11.0/24"
            ],
            "source_service_accounts": [],
            "source_tags": [],
            "target_service_accounts": [],
            "target_tags": [],
            "timeouts": null
          },
          "sensitive_attributes": [],
          "identity_schema_version": 0,
          "private": "eyJlMmJmYjczMC1lY2FhLTExZTYtOGY4OC0zNDM2M2JjN2M0YzAiOnsiY3JlYXRlIjoxMjAwMDAwMDAwMDAwLCJkZWxldGUiOjEyMDAwMDAwMDAwMDAsInVwZGF0ZSI6MTIwMDAwMDAwMDAwMH0sInNjaGVtYV92ZXJzaW9uIjoiMSJ9",
          "dependencies": [
            "module.network.google_compute_network.vpc"
          ]
        }
      ]
    },
    {
      "module": "module.network",
      "mode": "managed",
      "type": "google_compute_firewall",
      "name": "ssh",
      "provider": "provider[\"registry.terraform.io/hashicorp/google\"]",
      "instances": [
        {
          "schema_version": 1,
          "attributes": {
            "allow": [
              {
                "ports": [
                  "22"
                ],
                "protocol": "tcp"
              }
            ],
            "creation_timestamp": "2025-12-03T04:54:42.470-08:00",
            "deny": [],
            "description": "",
            "destination_ranges": [],
            "direction": "INGRESS",
            "disabled": false,
            "enable_logging": null,
            "id": "projects/massive-sandbox-477717-k3/global/firewalls/dev-network-dev-allow-ssh",
            "log_config": [],
            "name": "dev-network-dev-allow-ssh",
            "network": "https://www.googleapis.com/compute/v1/projects/massive-sandbox-477717-k3/global/networks/dev-network-dev",
            "params": [],
            "priority": 1000,
            "project": "massive-sandbox-477717-k3",
            "self_link": "https://www.googleapis.com/compute/v1/projects/massive-sandbox-477717-k3/global/firewalls/dev-network-dev-allow-ssh",
            "source_ranges": [
              "0.0.0.0/0"
            ],
            "source_service_accounts": [],
            "source_tags": [],
            "target_service_accounts": [],
            "target_tags": [
              "ssh"
            ],
            "timeouts": null
          },
          "sensitive_attributes": [],
          "identity_schema_version": 0,
          "private": "eyJlMmJmYjczMC1lY2FhLTExZTYtOGY4OC0zNDM2M2JjN2M0YzAiOnsiY3JlYXRlIjoxMjAwMDAwMDAwMDAwLCJkZWxldGUiOjEyMDAwMDAwMDAwMDAsInVwZGF0ZSI6MTIwMDAwMDAwMDAwMH0sInNjaGVtYV92ZXJzaW9uIjoiMSJ9",
          "dependencies": [
            "module.network.google_compute_network.vpc"
          ]
        }
      ]
    },
    {
      "module": "module.network",
      "mode": "managed",
      "type": "google_compute_network",
      "name": "vpc",
      "provider": "provider[\"registry.terraform.io/hashicorp/google\"]",
      "instances": [
        {
          "schema_version": 0,
          "attributes": {
            "auto_create_subnetworks": false,
            "bgp_always_compare_med": false,
            "bgp_best_path_selection_mode": "LEGACY",
            "bgp_inter_region_cost": "",
            "delete_default_routes_on_create": false,
            "description": "Primary VPC for dev workloads",
            "enable_ula_internal_ipv6": false,
            "gateway_ipv4": "",
            "id": "projects/massive-sandbox-477717-k3/global/networks/dev-network-dev",
            "internal_ipv6_range": "",
            "mtu": 0,
            "name": "dev-network-dev",
            "network_firewall_policy_enforcement_order": "AFTER_CLASSIC_FIREWALL",
            "network_id": "4167283513417894932",
            "network_profile": "",
            "numeric_id": "4167283513417894932",
            "params": [],
            "project": "massive-sandbox-477717-k3",
            "routing_mode": "GLOBAL",
            "self_link": "https://www.googleapis.com/compute/v1/projects/massive-sandbox-477717-k3/global/networks/dev-network-dev",
            "timeouts": null
          },
          "sensitive_attributes": [],
          "identity_schema_version": 0,
          "private": "eyJlMmJmYjczMC1lY2FhLTExZTYtOGY4OC0zNDM2M2JjN2M0YzAiOnsiY3JlYXRlIjoxMjAwMDAwMDAwMDAwLCJkZWxldGUiOjEyMDAwMDAwMDAwMDAsInVwZGF0ZSI6MTIwMDAwMDAwMDAwMH19"
        }
      ]
    },
    {
      "module": "module.network",
      "mode": "managed",
      "type": "google_compute_router",
      "name": "router",
      "provider": "provider[\"registry.terraform.io/hashicorp/google\"]",
      "instances": [
        {
          "schema_version": 0,
          "attributes": {
            "bgp": [],
            "creation_timestamp": "2025-12-03T04:54:43.322-08:00",
            "description": "",
            "encrypted_interconnect_router": false,
            "id": "projects/massive-sandbox-477717-k3/regions/asia-south1/routers/dev-network-dev-router",
            "md5_authentication_keys": [],
            "name": "dev-network-dev-router",
            "network": "https://www.googleapis.com/compute/v1/projects/massive-sandbox-477717-k3/global/networks/dev-network-dev",
            "project": "massive-sandbox-477717-k3",
            "region": "asia-south1",
            "self_link": "https://www.googleapis.com/compute/v1/projects/massive-sandbox-477717-k3/regions/asia-south1/routers/dev-network-dev-router",
            "timeouts": null
          },
          "sensitive_attributes": [],
          "identity_schema_version": 0,
          "private": "eyJlMmJmYjczMC1lY2FhLTExZTYtOGY4OC0zNDM2M2JjN2M0YzAiOnsiY3JlYXRlIjoxMjAwMDAwMDAwMDAwLCJkZWxldGUiOjEyMDAwMDAwMDAwMDAsInVwZGF0ZSI6MTIwMDAwMDAwMDAwMH19",
          "dependencies": [
            "module.network.google_compute_network.vpc"
          ]
        }
      ]
    },
    {
      "module": "module.network",
      "mode": "managed",
      "type": "google_compute_router_nat",
      "name": "nat",
      "provider": "provider[\"registry.terraform.io/hashicorp/google\"]",
      "instances": [
        {
          "schema_version": 0,
          "attributes": {
            "auto_network_tier": null,
            "drain_nat_ips": [],
            "enable_dynamic_port_allocation": false,
            "enable_endpoint_independent_mapping": false,
            "endpoint_types": [
              "ENDPOINT_TYPE_VM"
            ],
            "icmp_idle_timeout_sec": 30,
            "id": "massive-sandbox-477717-k3/asia-south1/dev-network-dev-router/dev-network-dev-nat",
            "initial_nat_ips": null,
            "log_config": [
              {
                "enable": true,
                "filter": "ERRORS_ONLY"
              }
            ],
            "max_ports_per_vm": 0,
            "min_ports_per_vm": 0,
            "name": "dev-network-dev-nat",
            "nat64_subnetwork": [],
            "nat_ip_allocate_option": "AUTO_ONLY",
            "nat_ips": [],
            "project": "massive-sandbox-477717-k3",
            "region": "asia-south1",
            "router": "dev-network-dev-router",
            "rules": [],
            "source_subnetwork_ip_ranges_to_nat": "LIST_OF_SUBNETWORKS",
            "source_subnetwork_ip_ranges_to_nat64": "",
            "subnetwork": [
              {
                "name": "https://www.googleapis.com/compute/v1/projects/massive-sandbox-477717-k3/regions/asia-south1/subnetworks/private-a-dev",
                "secondary_ip_range_names": [],
                "source_ip_ranges_to_nat": [
                  "ALL_IP_RANGES"
                ]
              },
              {
                "name": "https://www.googleapis.com/compute/v1/projects/massive-sandbox-477717-k3/regions/asia-south1/subnetworks/private-b-dev",
                "secondary_ip_range_names": [],
                "source_ip_ranges_to_nat": [
                  "ALL_IP_RANGES"
                ]
              }
            ],
            "tcp_established_idle_timeout_sec": 1200,
            "tcp_time_wait_timeout_sec": 120,
            "tcp_transitory_idle_timeout_sec": 30,
            "timeouts": null,
            "type": "PUBLIC",
            "udp_idle_timeout_sec": 30
          },
          "sensitive_attributes": [],
          "identity_schema_version": 0,
          "private": "eyJlMmJmYjczMC1lY2FhLTExZTYtOGY4OC0zNDM2M2JjN2M0YzAiOnsiY3JlYXRlIjoxMjAwMDAwMDAwMDAwLCJkZWxldGUiOjEyMDAwMDAwMDAwMDAsInVwZGF0ZSI6MTIwMDAwMDAwMDAwMH19",
          "dependencies": [
            "module.network.google_compute_network.vpc",
            "module.network.google_compute_router.router",
            "module.network.google_compute_subnetwork.private"
          ]
        }
      ]
    },
    {
      "module": "module.network",
      "mode": "managed",
      "type": "google_compute_subnetwork",
      "name": "private",
      "provider": "provider[\"registry.terraform.io/hashicorp/google\"]",
      "instances": [
        {
          "index_key": 0,
          "schema_version": 0,
          "attributes": {
            "creation_timestamp": "2025-12-03T04:54:43.645-08:00",
            "description": "",
            "enable_flow_logs": false,
            "external_ipv6_prefix": "",
            "fingerprint": null,
            "gateway_address": "10.0.10.1",
            "id": "projects/massive-sandbox-477717-k3/regions/asia-south1/subnetworks/private-a-dev",
            "internal_ipv6_prefix": "",
            "ip_cidr_range": "10.0.10.0/24",
            "ip_collection": null,
            "ipv6_access_type": "",
            "ipv6_cidr_range": "",
            "ipv6_gce_endpoint": "",
            "log_config": [],
            "name": "private-a-dev",
            "network": "https://www.googleapis.com/compute/v1/projects/massive-sandbox-477717-k3/global/networks/dev-network-dev",
            "params": [],
            "private_ip_google_access": true,
            "private_ipv6_google_access": "DISABLE_GOOGLE_ACCESS",
            "project": "massive-sandbox-477717-k3",
            "purpose": "PRIVATE",
            "region": "asia-south1",
            "reserved_internal_range": "",
            "role": "",
            "secondary_ip_range": [],
            "self_link": "https://www.googleapis.com/compute/v1/projects/massive-sandbox-477717-k3/regions/asia-south1/subnetworks/private-a-dev",
            "send_secondary_ip_range_if_empty": null,
            "stack_type": "IPV4_ONLY",
            "state": "",
            "subnetwork_id": 6074663671934324220,
            "timeouts": null
          },
          "sensitive_attributes": [],
          "identity_schema_version": 0,
          "private": "eyJlMmJmYjczMC1lY2FhLTExZTYtOGY4OC0zNDM2M2JjN2M0YzAiOnsiY3JlYXRlIjoxMjAwMDAwMDAwMDAwLCJkZWxldGUiOjEyMDAwMDAwMDAwMDAsInVwZGF0ZSI6MTIwMDAwMDAwMDAwMH19",
          "dependencies": [
            "module.network.google_compute_network.vpc"
          ]
        },
        {
          "index_key": 1,
          "schema_version": 0,
          "attributes": {
            "creation_timestamp": "2025-12-03T04:54:44.427-08:00",
            "description": "",
            "enable_flow_logs": false,
            "external_ipv6_prefix": "",
            "fingerprint": null,
            "gateway_address": "10.0.11.1",
            "id": "projects/massive-sandbox-477717-k3/regions/asia-south1/subnetworks/private-b-dev",
            "internal_ipv6_prefix": "",
            "ip_cidr_range": "10.0.11.0/24",
            "ip_collection": null,
            "ipv6_access_type": "",
            "ipv6_cidr_range": "",
            "ipv6_gce_endpoint": "",
            "log_config": [],
            "name": "private-b-dev",
            "network": "https://www.googleapis.com/compute/v1/projects/massive-sandbox-477717-k3/global/networks/dev-network-dev",
            "params": [],
            "private_ip_google_access": true,
            "private_ipv6_google_access": "DISABLE_GOOGLE_ACCESS",
            "project": "massive-sandbox-477717-k3",
            "purpose": "PRIVATE",
            "region": "asia-south1",
            "reserved_internal_range": "",
            "role": "",
            "secondary_ip_range": [],
            "self_link": "https://www.googleapis.com/compute/v1/projects/massive-sandbox-477717-k3/regions/asia-south1/subnetworks/private-b-dev",
            "send_secondary_ip_range_if_empty": null,
            "stack_type": "IPV4_ONLY",
            "state": "",
            "subnetwork_id": 470032419271839227,
            "timeouts": null
          },
          "sensitive_attributes": [],
          "identity_schema_version": 0,
          "private": "eyJlMmJmYjczMC1lY2FhLTExZTYtOGY4OC0zNDM2M2JjN2M0YzAiOnsiY3JlYXRlIjoxMjAwMDAwMDAwMDAwLCJkZWxldGUiOjEyMDAwMDAwMDAwMDAsInVwZGF0ZSI6MTIwMDAwMDAwMDAwMH19",
          "dependencies": [
            "module.network.google_compute_network.vpc"
          ]
        }
      ]
    },
    {
      "module": "module.network",
      "mode": "managed",
      "type": "google_compute_subnetwork",
      "name": "public",
      "provider": "provider[\"registry.terraform.io/hashicorp/google\"]",
      "instances": [
        {
          "index_key": 0,
          "schema_version": 0,
          "attributes": {
            "creation_timestamp": "2025-12-03T04:54:45.963-08:00",
            "description": "",
            "enable_flow_logs": false,
            "external_ipv6_prefix": "",
            "fingerprint": null,
            "gateway_address": "10.0.0.1",
            "id": "projects/massive-sandbox-477717-k3/regions/asia-south1/subnetworks/public-a-dev",
            "internal_ipv6_prefix": "",
            "ip_cidr_range": "10.0.0.0/24",
            "ip_collection": null,
            "ipv6_access_type": "",
            "ipv6_cidr_range": "",
            "ipv6_gce_endpoint": "",
            "log_config": [],
            "name": "public-a-dev",
            "network": "https://www.googleapis.com/compute/v1/projects/massive-sandbox-477717-k3/global/networks/dev-network-dev",
            "params": [],
            "private_ip_google_access": true,
            "private_ipv6_google_access": "DISABLE_GOOGLE_ACCESS",
            "project": "massive-sandbox-477717-k3",
            "purpose": "PRIVATE",
            "region": "asia-south1",
            "reserved_internal_range": "",
            "role": "",
            "secondary_ip_range": [],
            "self_link": "https://www.googleapis.com/compute/v1/projects/massive-sandbox-477717-k3/regions/asia-south1/subnetworks/public-a-dev",
            "send_secondary_ip_range_if_empty": null,
            "stack_type": "IPV4_ONLY",
            "state": "",
            "subnetwork_id": 6377103049736687098,
            "timeouts": null
          },
          "sensitive_attributes": [],
          "identity_schema_version": 0,
          "private": "eyJlMmJmYjczMC1lY2FhLTExZTYtOGY4OC0zNDM2M2JjN2M0YzAiOnsiY3JlYXRlIjoxMjAwMDAwMDAwMDAwLCJkZWxldGUiOjEyMDAwMDAwMDAwMDAsInVwZGF0ZSI6MTIwMDAwMDAwMDAwMH19",
          "dependencies": [
            "module.network.google_compute_network.vpc"
          ]
        },
        {
          "index_key": 1,
          "schema_version": 0,
          "attributes": {
            "creation_timestamp": "2025-12-03T04:54:43.894-08:00",
            "description": "",
            "enable_flow_logs": false,
            "external_ipv6_prefix": "",
            "fingerprint": null,
            "gateway_address": "10.0.1.1",
            "id": "projects/massive-sandbox-477717-k3/regions/asia-south1/subnetworks/public-b-dev",
            "internal_ipv6_prefix": "",
            "ip_cidr_range": "10.0.1.0/24",
            "ip_collection": null,
            "ipv6_access_type": "",
            "ipv6_cidr_range": "",
            "ipv6_gce_endpoint": "",
            "log_config": [],
            "name": "public-b-dev",
            "network": "https://www.googleapis.com/compute/v1/projects/massive-sandbox-477717-k3/global/networks/dev-network-dev",
            "params": [],
            "private_ip_google_access": true,
            "private_ipv6_google_access": "DISABLE_GOOGLE_ACCESS",
            "project": "massive-sandbox-477717-k3",
            "purpose": "PRIVATE",
            "region": "asia-south1",
            "reserved_internal_range": "",
            "role": "",
            "secondary_ip_range": [],
            "self_link": "https://www.googleapis.com/compute/v1/projects/massive-sandbox-477717-k3/regions/asia-south1/subnetworks/public-b-dev",
            "send_secondary_ip_range_if_empty": null,
            "stack_type": "IPV4_ONLY",
            "state": "",
            "subnetwork_id": 8584975930783272444,
            "timeouts": null
          },
          "sensitive_attributes": [],
          "identity_schema_version": 0,
          "private": "eyJlMmJmYjczMC1lY2FhLTExZTYtOGY4OC0zNDM2M2JjN2M0YzAiOnsiY3JlYXRlIjoxMjAwMDAwMDAwMDAwLCJkZWxldGUiOjEyMDAwMDAwMDAwMDAsInVwZGF0ZSI6MTIwMDAwMDAwMDAwMH19",
          "dependencies": [
            "module.network.google_compute_network.vpc"
          ]
        }
      ]
    },
    {
      "module": "module.secrets",
      "mode": "managed",
      "type": "google_secret_manager_secret",
      "name": "secrets",
      "provider": "provider[\"registry.terraform.io/hashicorp/google\"]",
      "instances": [
        {
          "index_key": "api-key",
          "schema_version": 0,
          "attributes": {
            "annotations": {},
            "create_time": "2025-12-03T13:19:07.508547Z",
            "deletion_protection": false,
            "effective_annotations": {},
            "effective_labels": {
              "env": "dev",
              "goog-terraform-provisioned": "true"
            },
            "expire_time": "",
            "id": "projects/massive-sandbox-477717-k3/secrets/api-key",
            "labels": {
              "env": "dev"
            },
            "name": "projects/661961012629/secrets/api-key",
            "project": "massive-sandbox-477717-k3",
            "replication": [
              {
                "auto": [
                  {
                    "customer_managed_encryption": []
                  }
                ],
                "user_managed": []
              }
            ],
            "rotation": [],
            "secret_id": "api-key",
            "tags": null,
            "terraform_labels": {
              "env": "dev",
              "goog-terraform-provisioned": "true"
            },
            "timeouts": null,
            "topics": [],
            "ttl": null,
            "version_aliases": {},
            "version_destroy_ttl": ""
          },
          "sensitive_attributes": [],
          "identity_schema_version": 0,
          "private": "eyJlMmJmYjczMC1lY2FhLTExZTYtOGY4OC0zNDM2M2JjN2M0YzAiOnsiY3JlYXRlIjoxMjAwMDAwMDAwMDAwLCJkZWxldGUiOjEyMDAwMDAwMDAwMDAsInVwZGF0ZSI6MTIwMDAwMDAwMDAwMH19"
        },
        {
          "index_key": "db-connection",
          "schema_version": 0,
          "attributes": {
            "annotations": {},
            "create_time": "2025-12-03T13:19:06.692642Z",
            "deletion_protection": false,
            "effective_annotations": {},
            "effective_labels": {
              "env": "dev",
              "goog-terraform-provisioned": "true"
            },
            "expire_time": "",
            "id": "projects/massive-sandbox-477717-k3/secrets/db-connection",
            "labels": {
              "env": "dev"
            },
            "name": "projects/661961012629/secrets/db-connection",
            "project": "massive-sandbox-477717-k3",
            "replication": [
              {
                "auto": [
                  {
                    "customer_managed_encryption": []
                  }
                ],
                "user_managed": []
              }
            ],
            "rotation": [],
            "secret_id": "db-connection",
            "tags": null,
            "terraform_labels": {
              "env": "dev",
              "goog-terraform-provisioned": "true"
            },
            "timeouts": null,
            "topics": [],
            "ttl": null,
            "version_aliases": {},
            "version_destroy_ttl": ""
          },
          "sensitive_attributes": [],
          "identity_schema_version": 0,
          "private": "eyJlMmJmYjczMC1lY2FhLTExZTYtOGY4OC0zNDM2M2JjN2M0YzAiOnsiY3JlYXRlIjoxMjAwMDAwMDAwMDAwLCJkZWxldGUiOjEyMDAwMDAwMDAwMDAsInVwZGF0ZSI6MTIwMDAwMDAwMDAwMH19"
        }
      ]
    },
    {
      "module": "module.secrets",
      "mode": "managed",
      "type": "google_secret_manager_secret_iam_member",
      "name": "members",
      "provider": "provider[\"registry.terraform.io/hashicorp/google\"]",
      "instances": [
        {
          "index_key": "api-key|serviceAccount:app-runner@massive-sandbox-477717-k3.iam.gserviceaccount.com",
          "schema_version": 0,
          "attributes": {
            "condition": [],
            "etag": "BwZFDA7VuwA=",
            "id": "projects/massive-sandbox-477717-k3/secrets/api-key/roles/secretmanager.secretAccessor/serviceAccount:app-runner@massive-sandbox-477717-k3.iam.gserviceaccount.com",
            "member": "serviceAccount:app-runner@massive-sandbox-477717-k3.iam.gserviceaccount.com",
            "project": "massive-sandbox-477717-k3",
            "role": "roles/secretmanager.secretAccessor",
            "secret_id": "projects/massive-sandbox-477717-k3/secrets/api-key"
          },
          "sensitive_attributes": [],
          "identity_schema_version": 0,
          "private": "bnVsbA==",
          "dependencies": [
            "module.iam.google_service_account.accounts",
            "module.secrets.google_secret_manager_secret.secrets"
          ]
        },
        {
          "index_key": "db-connection|serviceAccount:app-runner@massive-sandbox-477717-k3.iam.gserviceaccount.com",
          "schema_version": 0,
          "attributes": {
            "condition": [],
            "etag": "BwZFDA7V0wg=",
            "id": "projects/massive-sandbox-477717-k3/secrets/db-connection/roles/secretmanager.secretAccessor/serviceAccount:app-runner@massive-sandbox-477717-k3.iam.gserviceaccount.com",
            "member": "serviceAccount:app-runner@massive-sandbox-477717-k3.iam.gserviceaccount.com",
            "project": "massive-sandbox-477717-k3",
            "role": "roles/secretmanager.secretAccessor",
            "secret_id": "projects/massive-sandbox-477717-k3/secrets/db-connection"
          },
          "sensitive_attributes": [],
          "identity_schema_version": 0,
          "private": "bnVsbA==",
          "dependencies": [
            "module.iam.google_service_account.accounts",
            "module.secrets.google_secret_manager_secret.secrets"
          ]
        }
      ]
    }
  ],
  "check_results": null
}

