{
  "version": 4,
  "terraform_version": "1.13.5",
  "serial": 38,
  "lineage": "f20f8920-b164-e6b4-c749-94a353ecb818",
  "outputs": {
    "artifact_registry_repo_id": {
      "value": "dev-docker",
      "type": "string"
    },
    "artifact_registry_repo_url": {
      "value": "us-central1-docker.pkg.dev/massive-sandbox-477717-k3/dev-docker",
      "type": "string"
    },
    "gke_cluster_endpoint": {
      "value": null,
      "type": "string"
    },
    "gke_cluster_master_auth": {
      "value": null,
      "type": [
        "list",
        [
          "object",
          {
            "client_certificate": "string",
            "client_certificate_config": [
              "list",
              [
                "object",
                {
                  "issue_client_certificate": "bool"
                }
              ]
            ],
            "client_key": "string",
            "cluster_ca_certificate": "string"
          }
        ]
      ]
    },
    "gke_cluster_name": {
      "value": "dev-gke",
      "type": "string"
    },
    "private_subnet_ids": {
      "value": [
        "dev-subnet-dev"
      ],
      "type": [
        "tuple",
        [
          "string"
        ]
      ]
    },
    "private_subnet_self_links": {
      "value": [
        "https://www.googleapis.com/compute/v1/projects/massive-sandbox-477717-k3/regions/asia-south1/subnetworks/dev-subnet-dev"
      ],
      "type": [
        "tuple",
        [
          "string"
        ]
      ]
    },
    "vpc_name": {
      "value": "dev-vpc-dev",
      "type": "string"
    },
    "vpc_self_link": {
      "value": "https://www.googleapis.com/compute/v1/projects/massive-sandbox-477717-k3/global/networks/dev-vpc-dev",
      "type": "string"
    }
  },
  "resources": [
    {
      "mode": "managed",
      "type": "google_secret_manager_secret",
      "name": "secrets",
      "provider": "provider[\"registry.terraform.io/hashicorp/google\"]",
      "instances": [
        {
          "index_key": "api-key",
          "schema_version": 0,
          "attributes": {
            "annotations": {},
            "create_time": "2025-12-03T13:19:07.508547Z",
            "deletion_protection": false,
            "effective_annotations": {},
            "effective_labels": {
              "env": "prod",
              "goog-terraform-provisioned": "true"
            },
            "expire_time": "",
            "id": "projects/massive-sandbox-477717-k3/secrets/api-key",
            "labels": {},
            "name": "projects/661961012629/secrets/api-key",
            "project": "massive-sandbox-477717-k3",
            "replication": [
              {
                "auto": [
                  {
                    "customer_managed_encryption": []
                  }
                ],
                "user_managed": []
              }
            ],
            "rotation": [],
            "secret_id": "api-key",
            "tags": null,
            "terraform_labels": {
              "goog-terraform-provisioned": "true"
            },
            "timeouts": null,
            "topics": [],
            "ttl": null,
            "version_aliases": {},
            "version_destroy_ttl": ""
          },
          "sensitive_attributes": [],
          "identity_schema_version": 0,
          "private": "eyJlMmJmYjczMC1lY2FhLTExZTYtOGY4OC0zNDM2M2JjN2M0YzAiOnsiY3JlYXRlIjoxMjAwMDAwMDAwMDAwLCJkZWxldGUiOjEyMDAwMDAwMDAwMDAsInVwZGF0ZSI6MTIwMDAwMDAwMDAwMH19"
        },
        {
          "index_key": "db-connection",
          "schema_version": 0,
          "attributes": {
            "annotations": {},
            "create_time": "2025-12-03T13:19:06.692642Z",
            "deletion_protection": false,
            "effective_annotations": {},
            "effective_labels": {
              "env": "prod",
              "goog-terraform-provisioned": "true"
            },
            "expire_time": "",
            "id": "projects/massive-sandbox-477717-k3/secrets/db-connection",
            "labels": {},
            "name": "projects/661961012629/secrets/db-connection",
            "project": "massive-sandbox-477717-k3",
            "replication": [
              {
                "auto": [
                  {
                    "customer_managed_encryption": []
                  }
                ],
                "user_managed": []
              }
            ],
            "rotation": [],
            "secret_id": "db-connection",
            "tags": null,
            "terraform_labels": {
              "goog-terraform-provisioned": "true"
            },
            "timeouts": null,
            "topics": [],
            "ttl": null,
            "version_aliases": {},
            "version_destroy_ttl": ""
          },
          "sensitive_attributes": [],
          "identity_schema_version": 0,
          "private": "eyJlMmJmYjczMC1lY2FhLTExZTYtOGY4OC0zNDM2M2JjN2M0YzAiOnsiY3JlYXRlIjoxMjAwMDAwMDAwMDAwLCJkZWxldGUiOjEyMDAwMDAwMDAwMDAsInVwZGF0ZSI6MTIwMDAwMDAwMDAwMH19"
        }
      ]
    },
    {
      "module": "module.artifact_registry",
      "mode": "managed",
      "type": "google_artifact_registry_repository",
      "name": "repo",
      "provider": "provider[\"registry.terraform.io/hashicorp/google\"]",
      "instances": [
        {
          "schema_version": 0,
          "attributes": {
            "cleanup_policies": [],
            "cleanup_policy_dry_run": false,
            "create_time": "2025-12-16T11:01:32.908248Z",
            "description": "Artifact registry for dev-docker",
            "docker_config": [],
            "effective_labels": {
              "goog-terraform-provisioned": "true"
            },
            "format": "DOCKER",
            "id": "projects/massive-sandbox-477717-k3/locations/us-central1/repositories/dev-docker",
            "kms_key_name": "",
            "labels": {},
            "location": "us-central1",
            "maven_config": [],
            "mode": "STANDARD_REPOSITORY",
            "name": "dev-docker",
            "project": "massive-sandbox-477717-k3",
            "remote_repository_config": [],
            "repository_id": "dev-docker",
            "terraform_labels": {
              "goog-terraform-provisioned": "true"
            },
            "timeouts": null,
            "update_time": "2025-12-16T11:01:32.908248Z",
            "virtual_repository_config": [],
            "vulnerability_scanning_config": [
              {
                "enablement_config": "",
                "enablement_state": "SCANNING_ACTIVE",
                "enablement_state_reason": ""
              }
            ]
          },
          "sensitive_attributes": [],
          "identity_schema_version": 0,
          "private": "eyJlMmJmYjczMC1lY2FhLTExZTYtOGY4OC0zNDM2M2JjN2M0YzAiOnsiY3JlYXRlIjoxMjAwMDAwMDAwMDAwLCJkZWxldGUiOjEyMDAwMDAwMDAwMDAsInVwZGF0ZSI6MTIwMDAwMDAwMDAwMH19"
        }
      ]
    },
    {
      "module": "module.iam",
      "mode": "managed",
      "type": "google_project_iam_custom_role",
      "name": "custom",
      "provider": "provider[\"registry.terraform.io/hashicorp/google\"]",
      "instances": []
    },
    {
      "module": "module.iam",
      "mode": "managed",
      "type": "google_project_iam_member",
      "name": "sa_roles_per_role",
      "provider": "provider[\"registry.terraform.io/hashicorp/google\"]",
      "instances": [
        {
          "index_key": "app-runner|roles/container.admin",
          "schema_version": 0,
          "attributes": {
            "condition": [],
            "etag": "BwZGELcgWhU=",
            "id": "massive-sandbox-477717-k3/roles/container.admin/serviceAccount:app-runner@massive-sandbox-477717-k3.iam.gserviceaccount.com",
            "member": "serviceAccount:app-runner@massive-sandbox-477717-k3.iam.gserviceaccount.com",
            "project": "massive-sandbox-477717-k3",
            "role": "roles/container.admin"
          },
          "sensitive_attributes": [],
          "identity_schema_version": 0,
          "private": "bnVsbA==",
          "dependencies": [
            "module.iam.google_service_account.accounts"
          ]
        },
        {
          "index_key": "app-runner|roles/logging.logWriter",
          "schema_version": 0,
          "attributes": {
            "condition": [],
            "etag": "BwZGELcgWhU=",
            "id": "massive-sandbox-477717-k3/roles/logging.logWriter/serviceAccount:app-runner@massive-sandbox-477717-k3.iam.gserviceaccount.com",
            "member": "serviceAccount:app-runner@massive-sandbox-477717-k3.iam.gserviceaccount.com",
            "project": "massive-sandbox-477717-k3",
            "role": "roles/logging.logWriter"
          },
          "sensitive_attributes": [],
          "identity_schema_version": 0,
          "private": "bnVsbA==",
          "dependencies": [
            "module.iam.google_service_account.accounts"
          ]
        }
      ]
    },
    {
      "module": "module.iam",
      "mode": "managed",
      "type": "google_service_account",
      "name": "accounts",
      "provider": "provider[\"registry.terraform.io/hashicorp/google\"]",
      "instances": [
        {
          "index_key": "app-runner",
          "schema_version": 0,
          "attributes": {
            "account_id": "app-runner",
            "create_ignore_already_exists": null,
            "description": "",
            "disabled": false,
            "display_name": "Dev App Runner",
            "email": "app-runner@massive-sandbox-477717-k3.iam.gserviceaccount.com",
            "id": "projects/massive-sandbox-477717-k3/serviceAccounts/app-runner@massive-sandbox-477717-k3.iam.gserviceaccount.com",
            "member": "serviceAccount:app-runner@massive-sandbox-477717-k3.iam.gserviceaccount.com",
            "name": "projects/massive-sandbox-477717-k3/serviceAccounts/app-runner@massive-sandbox-477717-k3.iam.gserviceaccount.com",
            "project": "massive-sandbox-477717-k3",
            "timeouts": null,
            "unique_id": "104982075695607136429"
          },
          "sensitive_attributes": [],
          "identity_schema_version": 0,
          "private": "eyJlMmJmYjczMC1lY2FhLTExZTYtOGY4OC0zNDM2M2JjN2M0YzAiOnsiY3JlYXRlIjozMDAwMDAwMDAwMDB9LCJzY2hlbWFfdmVyc2lvbiI6IjAifQ=="
        }
      ]
    },
    {
      "module": "module.network",
      "mode": "managed",
      "type": "google_compute_firewall",
      "name": "http",
      "provider": "provider[\"registry.terraform.io/hashicorp/google\"]",
      "instances": [
        {
          "index_key": 0,
          "schema_version": 1,
          "attributes": {
            "allow": [
              {
                "ports": [
                  "80"
                ],
                "protocol": "tcp"
              }
            ],
            "creation_timestamp": "2025-12-16T00:35:25.674-08:00",
            "deny": [],
            "description": "",
            "destination_ranges": [],
            "direction": "INGRESS",
            "disabled": false,
            "enable_logging": null,
            "id": "projects/massive-sandbox-477717-k3/global/firewalls/dev-vpc-dev-allow-http",
            "log_config": [],
            "name": "dev-vpc-dev-allow-http",
            "network": "https://www.googleapis.com/compute/v1/projects/massive-sandbox-477717-k3/global/networks/dev-vpc-dev",
            "params": [],
            "priority": 1000,
            "project": "massive-sandbox-477717-k3",
            "self_link": "https://www.googleapis.com/compute/v1/projects/massive-sandbox-477717-k3/global/firewalls/dev-vpc-dev-allow-http",
            "source_ranges": [
              "0.0.0.0/0"
            ],
            "source_service_accounts": [],
            "source_tags": [],
            "target_service_accounts": [],
            "target_tags": [
              "http"
            ],
            "timeouts": null
          },
          "sensitive_attributes": [],
          "identity_schema_version": 0,
          "private": "eyJlMmJmYjczMC1lY2FhLTExZTYtOGY4OC0zNDM2M2JjN2M0YzAiOnsiY3JlYXRlIjoxMjAwMDAwMDAwMDAwLCJkZWxldGUiOjEyMDAwMDAwMDAwMDAsInVwZGF0ZSI6MTIwMDAwMDAwMDAwMH0sInNjaGVtYV92ZXJzaW9uIjoiMSJ9",
          "dependencies": [
            "module.network.google_compute_network.vpc"
          ]
        }
      ]
    },
    {
      "module": "module.network",
      "mode": "managed",
      "type": "google_compute_firewall",
      "name": "https",
      "provider": "provider[\"registry.terraform.io/hashicorp/google\"]",
      "instances": [
        {
          "index_key": 0,
          "schema_version": 1,
          "attributes": {
            "allow": [
              {
                "ports": [
                  "443"
                ],
                "protocol": "tcp"
              }
            ],
            "creation_timestamp": "2025-12-16T00:35:25.358-08:00",
            "deny": [],
            "description": "",
            "destination_ranges": [],
            "direction": "INGRESS",
            "disabled": false,
            "enable_logging": null,
            "id": "projects/massive-sandbox-477717-k3/global/firewalls/dev-vpc-dev-allow-https",
            "log_config": [],
            "name": "dev-vpc-dev-allow-https",
            "network": "https://www.googleapis.com/compute/v1/projects/massive-sandbox-477717-k3/global/networks/dev-vpc-dev",
            "params": [],
            "priority": 1000,
            "project": "massive-sandbox-477717-k3",
            "self_link": "https://www.googleapis.com/compute/v1/projects/massive-sandbox-477717-k3/global/firewalls/dev-vpc-dev-allow-https",
            "source_ranges": [
              "0.0.0.0/0"
            ],
            "source_service_accounts": [],
            "source_tags": [],
            "target_service_accounts": [],
            "target_tags": [
              "https"
            ],
            "timeouts": null
          },
          "sensitive_attributes": [],
          "identity_schema_version": 0,
          "private": "eyJlMmJmYjczMC1lY2FhLTExZTYtOGY4OC0zNDM2M2JjN2M0YzAiOnsiY3JlYXRlIjoxMjAwMDAwMDAwMDAwLCJkZWxldGUiOjEyMDAwMDAwMDAwMDAsInVwZGF0ZSI6MTIwMDAwMDAwMDAwMH0sInNjaGVtYV92ZXJzaW9uIjoiMSJ9",
          "dependencies": [
            "module.network.google_compute_network.vpc"
          ]
        }
      ]
    },
    {
      "module": "module.network",
      "mode": "managed",
      "type": "google_compute_firewall",
      "name": "internal",
      "provider": "provider[\"registry.terraform.io/hashicorp/google\"]",
      "instances": [
        {
          "schema_version": 1,
          "attributes": {
            "allow": [
              {
                "ports": [
                  "0-65535"
                ],
                "protocol": "tcp"
              },
              {
                "ports": [
                  "0-65535"
                ],
                "protocol": "udp"
              },
              {
                "ports": [],
                "protocol": "icmp"
              }
            ],
            "creation_timestamp": "2025-12-16T00:35:25.251-08:00",
            "deny": [],
            "description": "",
            "destination_ranges": [],
            "direction": "INGRESS",
            "disabled": false,
            "enable_logging": null,
            "id": "projects/massive-sandbox-477717-k3/global/firewalls/dev-vpc-dev-allow-internal",
            "log_config": [],
            "name": "dev-vpc-dev-allow-internal",
            "network": "https://www.googleapis.com/compute/v1/projects/massive-sandbox-477717-k3/global/networks/dev-vpc-dev",
            "params": [],
            "priority": 1000,
            "project": "massive-sandbox-477717-k3",
            "self_link": "https://www.googleapis.com/compute/v1/projects/massive-sandbox-477717-k3/global/firewalls/dev-vpc-dev-allow-internal",
            "source_ranges": [
              "10.10.0.0/20"
            ],
            "source_service_accounts": [],
            "source_tags": [],
            "target_service_accounts": [],
            "target_tags": [],
            "timeouts": null
          },
          "sensitive_attributes": [],
          "identity_schema_version": 0,
          "private": "eyJlMmJmYjczMC1lY2FhLTExZTYtOGY4OC0zNDM2M2JjN2M0YzAiOnsiY3JlYXRlIjoxMjAwMDAwMDAwMDAwLCJkZWxldGUiOjEyMDAwMDAwMDAwMDAsInVwZGF0ZSI6MTIwMDAwMDAwMDAwMH0sInNjaGVtYV92ZXJzaW9uIjoiMSJ9",
          "dependencies": [
            "module.network.google_compute_network.vpc"
          ]
        }
      ]
    },
    {
      "module": "module.network",
      "mode": "managed",
      "type": "google_compute_firewall",
      "name": "ssh",
      "provider": "provider[\"registry.terraform.io/hashicorp/google\"]",
      "instances": [
        {
          "schema_version": 1,
          "attributes": {
            "allow": [
              {
                "ports": [
                  "22"
                ],
                "protocol": "tcp"
              }
            ],
            "creation_timestamp": "2025-12-16T00:35:25.582-08:00",
            "deny": [],
            "description": "",
            "destination_ranges": [],
            "direction": "INGRESS",
            "disabled": false,
            "enable_logging": null,
            "id": "projects/massive-sandbox-477717-k3/global/firewalls/dev-vpc-dev-allow-ssh",
            "log_config": [],
            "name": "dev-vpc-dev-allow-ssh",
            "network": "https://www.googleapis.com/compute/v1/projects/massive-sandbox-477717-k3/global/networks/dev-vpc-dev",
            "params": [],
            "priority": 1000,
            "project": "massive-sandbox-477717-k3",
            "self_link": "https://www.googleapis.com/compute/v1/projects/massive-sandbox-477717-k3/global/firewalls/dev-vpc-dev-allow-ssh",
            "source_ranges": [
              "0.0.0.0/0"
            ],
            "source_service_accounts": [],
            "source_tags": [],
            "target_service_accounts": [],
            "target_tags": [
              "ssh"
            ],
            "timeouts": null
          },
          "sensitive_attributes": [],
          "identity_schema_version": 0,
          "private": "eyJlMmJmYjczMC1lY2FhLTExZTYtOGY4OC0zNDM2M2JjN2M0YzAiOnsiY3JlYXRlIjoxMjAwMDAwMDAwMDAwLCJkZWxldGUiOjEyMDAwMDAwMDAwMDAsInVwZGF0ZSI6MTIwMDAwMDAwMDAwMH0sInNjaGVtYV92ZXJzaW9uIjoiMSJ9",
          "dependencies": [
            "module.network.google_compute_network.vpc"
          ]
        }
      ]
    },
    {
      "module": "module.network",
      "mode": "managed",
      "type": "google_compute_network",
      "name": "vpc",
      "provider": "provider[\"registry.terraform.io/hashicorp/google\"]",
      "instances": [
        {
          "schema_version": 0,
          "attributes": {
            "auto_create_subnetworks": false,
            "bgp_always_compare_med": false,
            "bgp_best_path_selection_mode": "LEGACY",
            "bgp_inter_region_cost": "",
            "delete_default_routes_on_create": false,
            "description": "Primary VPC for dev workloads",
            "enable_ula_internal_ipv6": false,
            "gateway_ipv4": "",
            "id": "projects/massive-sandbox-477717-k3/global/networks/dev-vpc-dev",
            "internal_ipv6_range": "",
            "mtu": 0,
            "name": "dev-vpc-dev",
            "network_firewall_policy_enforcement_order": "AFTER_CLASSIC_FIREWALL",
            "network_id": "3408960093321733934",
            "network_profile": "",
            "numeric_id": "3408960093321733934",
            "params": [],
            "project": "massive-sandbox-477717-k3",
            "routing_mode": "GLOBAL",
            "self_link": "https://www.googleapis.com/compute/v1/projects/massive-sandbox-477717-k3/global/networks/dev-vpc-dev",
            "timeouts": null
          },
          "sensitive_attributes": [],
          "identity_schema_version": 0,
          "private": "eyJlMmJmYjczMC1lY2FhLTExZTYtOGY4OC0zNDM2M2JjN2M0YzAiOnsiY3JlYXRlIjoxMjAwMDAwMDAwMDAwLCJkZWxldGUiOjEyMDAwMDAwMDAwMDAsInVwZGF0ZSI6MTIwMDAwMDAwMDAwMH0sInNjaGVtYV92ZXJzaW9uIjoiMCJ9"
        }
      ]
    },
    {
      "module": "module.network",
      "mode": "managed",
      "type": "google_compute_router",
      "name": "router",
      "provider": "provider[\"registry.terraform.io/hashicorp/google\"]",
      "instances": [
        {
          "schema_version": 0,
          "attributes": {
            "bgp": [],
            "creation_timestamp": "2025-12-16T04:20:24.492-08:00",
            "description": "",
            "encrypted_interconnect_router": false,
            "id": "projects/massive-sandbox-477717-k3/regions/us-central1/routers/dev-vpc-dev-router",
            "md5_authentication_keys": [],
            "name": "dev-vpc-dev-router",
            "network": "https://www.googleapis.com/compute/v1/projects/massive-sandbox-477717-k3/global/networks/dev-vpc-dev",
            "project": "massive-sandbox-477717-k3",
            "region": "us-central1",
            "self_link": "https://www.googleapis.com/compute/v1/projects/massive-sandbox-477717-k3/regions/us-central1/routers/dev-vpc-dev-router",
            "timeouts": null
          },
          "sensitive_attributes": [],
          "identity_schema_version": 0,
          "private": "eyJlMmJmYjczMC1lY2FhLTExZTYtOGY4OC0zNDM2M2JjN2M0YzAiOnsiY3JlYXRlIjoxMjAwMDAwMDAwMDAwLCJkZWxldGUiOjEyMDAwMDAwMDAwMDAsInVwZGF0ZSI6MTIwMDAwMDAwMDAwMH19",
          "dependencies": [
            "module.network.google_compute_network.vpc"
          ]
        }
      ]
    },
    {
      "module": "module.network",
      "mode": "managed",
      "type": "google_compute_subnetwork",
      "name": "private",
      "provider": "provider[\"registry.terraform.io/hashicorp/google\"]",
      "instances": [
        {
          "index_key": 0,
          "schema_version": 0,
          "attributes": {
            "creation_timestamp": "2025-12-16T00:35:26.699-08:00",
            "description": "",
            "enable_flow_logs": false,
            "external_ipv6_prefix": "",
            "fingerprint": null,
            "gateway_address": "10.10.0.1",
            "id": "projects/massive-sandbox-477717-k3/regions/asia-south1/subnetworks/dev-subnet-dev",
            "internal_ipv6_prefix": "",
            "ip_cidr_range": "10.10.0.0/20",
            "ip_collection": null,
            "ipv6_access_type": "",
            "ipv6_cidr_range": "",
            "ipv6_gce_endpoint": "",
            "log_config": [],
            "name": "dev-subnet-dev",
            "network": "https://www.googleapis.com/compute/v1/projects/massive-sandbox-477717-k3/global/networks/dev-vpc-dev",
            "params": [],
            "private_ip_google_access": true,
            "private_ipv6_google_access": "DISABLE_GOOGLE_ACCESS",
            "project": "massive-sandbox-477717-k3",
            "purpose": "PRIVATE",
            "region": "asia-south1",
            "reserved_internal_range": "",
            "role": "",
            "secondary_ip_range": [],
            "self_link": "https://www.googleapis.com/compute/v1/projects/massive-sandbox-477717-k3/regions/asia-south1/subnetworks/dev-subnet-dev",
            "send_secondary_ip_range_if_empty": null,
            "stack_type": "IPV4_ONLY",
            "state": "",
            "subnetwork_id": 4559434806599657249,
            "timeouts": null
          },
          "sensitive_attributes": [],
          "identity_schema_version": 0,
          "private": "eyJlMmJmYjczMC1lY2FhLTExZTYtOGY4OC0zNDM2M2JjN2M0YzAiOnsiY3JlYXRlIjoxMjAwMDAwMDAwMDAwLCJkZWxldGUiOjEyMDAwMDAwMDAwMDAsInVwZGF0ZSI6MTIwMDAwMDAwMDAwMH0sInNjaGVtYV92ZXJzaW9uIjoiMCJ9",
          "dependencies": [
            "module.network.google_compute_network.vpc"
          ]
        }
      ]
    },
    {
      "module": "module.network",
      "mode": "managed",
      "type": "google_compute_subnetwork",
      "name": "public",
      "provider": "provider[\"registry.terraform.io/hashicorp/google\"]",
      "instances": []
    },
    {
      "module": "module.secret_manager",
      "mode": "managed",
      "type": "google_secret_manager_secret",
      "name": "secrets",
      "provider": "provider[\"registry.terraform.io/hashicorp/google\"]",
      "instances": [
        {
          "index_key": "api-key",
          "schema_version": 0,
          "attributes": {
            "annotations": {},
            "create_time": "2025-12-03T13:19:07.508547Z",
            "deletion_protection": false,
            "effective_annotations": {},
            "effective_labels": {
              "env": "prod",
              "goog-terraform-provisioned": "true"
            },
            "expire_time": "",
            "id": "projects/massive-sandbox-477717-k3/secrets/api-key",
            "labels": {},
            "name": "projects/661961012629/secrets/api-key",
            "project": "massive-sandbox-477717-k3",
            "replication": [
              {
                "auto": [
                  {
                    "customer_managed_encryption": []
                  }
                ],
                "user_managed": []
              }
            ],
            "rotation": [],
            "secret_id": "api-key",
            "tags": null,
            "terraform_labels": {
              "goog-terraform-provisioned": "true"
            },
            "timeouts": null,
            "topics": [],
            "ttl": null,
            "version_aliases": {},
            "version_destroy_ttl": ""
          },
          "sensitive_attributes": [],
          "identity_schema_version": 0,
          "private": "eyJlMmJmYjczMC1lY2FhLTExZTYtOGY4OC0zNDM2M2JjN2M0YzAiOnsiY3JlYXRlIjoxMjAwMDAwMDAwMDAwLCJkZWxldGUiOjEyMDAwMDAwMDAwMDAsInVwZGF0ZSI6MTIwMDAwMDAwMDAwMH19"
        },
        {
          "index_key": "db-connection",
          "schema_version": 0,
          "attributes": {
            "annotations": {},
            "create_time": "2025-12-03T13:19:06.692642Z",
            "deletion_protection": false,
            "effective_annotations": {},
            "effective_labels": {
              "env": "prod",
              "goog-terraform-provisioned": "true"
            },
            "expire_time": "",
            "id": "projects/massive-sandbox-477717-k3/secrets/db-connection",
            "labels": {},
            "name": "projects/661961012629/secrets/db-connection",
            "project": "massive-sandbox-477717-k3",
            "replication": [
              {
                "auto": [
                  {
                    "customer_managed_encryption": []
                  }
                ],
                "user_managed": []
              }
            ],
            "rotation": [],
            "secret_id": "db-connection",
            "tags": null,
            "terraform_labels": {
              "goog-terraform-provisioned": "true"
            },
            "timeouts": null,
            "topics": [],
            "ttl": null,
            "version_aliases": {},
            "version_destroy_ttl": ""
          },
          "sensitive_attributes": [],
          "identity_schema_version": 0,
          "private": "eyJlMmJmYjczMC1lY2FhLTExZTYtOGY4OC0zNDM2M2JjN2M0YzAiOnsiY3JlYXRlIjoxMjAwMDAwMDAwMDAwLCJkZWxldGUiOjEyMDAwMDAwMDAwMDAsInVwZGF0ZSI6MTIwMDAwMDAwMDAwMH19"
        }
      ]
    },
    {
      "module": "module.secret_manager",
      "mode": "managed",
      "type": "google_secret_manager_secret_iam_member",
      "name": "members",
      "provider": "provider[\"registry.terraform.io/hashicorp/google\"]",
      "instances": [
        {
          "index_key": "api-key|serviceAccount:app-runner@massive-sandbox-477717-k3.iam.gserviceaccount.com",
          "schema_version": 0,
          "attributes": {
            "condition": [],
            "etag": "BwZGD6aJ8/Q=",
            "id": "projects/massive-sandbox-477717-k3/secrets/api-key/roles/secretmanager.secretAccessor/serviceAccount:app-runner@massive-sandbox-477717-k3.iam.gserviceaccount.com",
            "member": "serviceAccount:app-runner@massive-sandbox-477717-k3.iam.gserviceaccount.com",
            "project": "massive-sandbox-477717-k3",
            "role": "roles/secretmanager.secretAccessor",
            "secret_id": "projects/massive-sandbox-477717-k3/secrets/api-key"
          },
          "sensitive_attributes": [],
          "identity_schema_version": 0,
          "private": "bnVsbA=="
        },
        {
          "index_key": "db-connection|serviceAccount:app-runner@massive-sandbox-477717-k3.iam.gserviceaccount.com",
          "schema_version": 0,
          "attributes": {
            "condition": [],
            "etag": "BwZGD6aJ68M=",
            "id": "projects/massive-sandbox-477717-k3/secrets/db-connection/roles/secretmanager.secretAccessor/serviceAccount:app-runner@massive-sandbox-477717-k3.iam.gserviceaccount.com",
            "member": "serviceAccount:app-runner@massive-sandbox-477717-k3.iam.gserviceaccount.com",
            "project": "massive-sandbox-477717-k3",
            "role": "roles/secretmanager.secretAccessor",
            "secret_id": "projects/massive-sandbox-477717-k3/secrets/db-connection"
          },
          "sensitive_attributes": [],
          "identity_schema_version": 0,
          "private": "bnVsbA=="
        }
      ]
    }
  ],
  "check_results": null
}
