{
  "version": 4,
  "terraform_version": "1.13.5",
  "serial": 42,
  "lineage": "05a57b91-a609-74d6-d13b-11d9c3619337",
  "outputs": {
    "artifact_registry_repo_id": {
      "value": "stg-docker",
      "type": "string"
    },
    "artifact_registry_repo_url": {
      "value": "us-central1-docker.pkg.dev/massive-sandbox-477717-k3/stg-docker",
      "type": "string"
    },
    "private_subnet_ids": {
      "value": [
        "stg-subnet-staging"
      ],
      "type": [
        "tuple",
        [
          "string"
        ]
      ]
    },
    "private_subnet_self_links": {
      "value": [
        "https://www.googleapis.com/compute/v1/projects/massive-sandbox-477717-k3/regions/us-central1/subnetworks/stg-subnet-staging"
      ],
      "type": [
        "tuple",
        [
          "string"
        ]
      ]
    },
    "vpc_name": {
      "value": "staging-staging-vpc",
      "type": "string"
    },
    "vpc_self_link": {
      "value": "https://www.googleapis.com/compute/v1/projects/massive-sandbox-477717-k3/global/networks/staging-staging-vpc",
      "type": "string"
    }
  },
  "resources": [
    {
      "module": "module.artifact_registry",
      "mode": "managed",
      "type": "google_artifact_registry_repository",
      "name": "repo",
      "provider": "provider[\"registry.terraform.io/hashicorp/google\"]",
      "instances": [
        {
          "index_key": 0,
          "schema_version": 0,
          "attributes": {
            "cleanup_policies": [],
            "cleanup_policy_dry_run": false,
            "create_time": "2025-12-17T13:45:57.398094Z",
            "description": "Artifact registry for stg-docker",
            "docker_config": [],
            "effective_labels": {
              "goog-terraform-provisioned": "true"
            },
            "format": "DOCKER",
            "id": "projects/massive-sandbox-477717-k3/locations/us-central1/repositories/stg-docker",
            "kms_key_name": "",
            "labels": {},
            "location": "us-central1",
            "maven_config": [],
            "mode": "STANDARD_REPOSITORY",
            "name": "stg-docker",
            "project": "massive-sandbox-477717-k3",
            "remote_repository_config": [],
            "repository_id": "stg-docker",
            "terraform_labels": {
              "goog-terraform-provisioned": "true"
            },
            "timeouts": null,
            "update_time": "2025-12-17T13:45:57.398094Z",
            "virtual_repository_config": [],
            "vulnerability_scanning_config": [
              {
                "enablement_config": "",
                "enablement_state": "SCANNING_ACTIVE",
                "enablement_state_reason": ""
              }
            ]
          },
          "sensitive_attributes": [],
          "identity_schema_version": 0,
          "private": "eyJlMmJmYjczMC1lY2FhLTExZTYtOGY4OC0zNDM2M2JjN2M0YzAiOnsiY3JlYXRlIjoxMjAwMDAwMDAwMDAwLCJkZWxldGUiOjEyMDAwMDAwMDAwMDAsInVwZGF0ZSI6MTIwMDAwMDAwMDAwMH19"
        }
      ]
    },
    {
      "module": "module.gke",
      "mode": "managed",
      "type": "google_container_cluster",
      "name": "gke",
      "provider": "provider[\"registry.terraform.io/hashicorp/google\"]",
      "instances": [
        {
          "schema_version": 2,
          "attributes": {
            "addons_config": [
              {
                "cloudrun_config": [],
                "config_connector_config": [],
                "dns_cache_config": [],
                "gce_persistent_disk_csi_driver_config": [
                  {
                    "enabled": true
                  }
                ],
                "gcp_filestore_csi_driver_config": [],
                "gcs_fuse_csi_driver_config": [],
                "gke_backup_agent_config": [],
                "horizontal_pod_autoscaling": [],
                "http_load_balancing": [],
                "lustre_csi_driver_config": [],
                "network_policy_config": [
                  {
                    "disabled": true
                  }
                ],
                "parallelstore_csi_driver_config": [],
                "ray_operator_config": [],
                "stateful_ha_config": []
              }
            ],
            "allow_net_admin": null,
            "anonymous_authentication_config": [
              {
                "mode": "ENABLED"
              }
            ],
            "authenticator_groups_config": [],
            "binary_authorization": [
              {
                "enabled": false,
                "evaluation_mode": ""
              }
            ],
            "cluster_autoscaling": [
              {
                "auto_provisioning_defaults": [],
                "auto_provisioning_locations": [],
                "autoscaling_profile": "BALANCED",
                "enabled": false,
                "resource_limits": []
              }
            ],
            "cluster_ipv4_cidr": "10.48.0.0/14",
            "confidential_nodes": [],
            "control_plane_endpoints_config": [
              {
                "dns_endpoint_config": [
                  {
                    "allow_external_traffic": false,
                    "endpoint": "gke-cde32e0a31c44acaaa07dea62c2b2256bf78-661961012629.us-central1.gke.goog"
                  }
                ],
                "ip_endpoints_config": [
                  {
                    "enabled": true
                  }
                ]
              }
            ],
            "cost_management_config": [],
            "database_encryption": [
              {
                "key_name": "",
                "state": "DECRYPTED"
              }
            ],
            "datapath_provider": "",
            "default_max_pods_per_node": 110,
            "default_snat_status": [
              {
                "disabled": false
              }
            ],
            "deletion_protection": false,
            "description": "",
            "disable_l4_lb_firewall_reconciliation": false,
            "dns_config": [],
            "effective_labels": {
              "goog-terraform-provisioned": "true"
            },
            "enable_autopilot": false,
            "enable_cilium_clusterwide_network_policy": false,
            "enable_fqdn_network_policy": false,
            "enable_intranode_visibility": false,
            "enable_k8s_beta_apis": [],
            "enable_kubernetes_alpha": false,
            "enable_l4_ilb_subsetting": false,
            "enable_legacy_abac": false,
            "enable_multi_networking": false,
            "enable_shielded_nodes": true,
            "enable_tpu": false,
            "endpoint": "34.31.158.145",
            "enterprise_config": [
              {
                "cluster_tier": "STANDARD",
                "desired_tier": ""
              }
            ],
            "fleet": [],
            "gateway_api_config": [],
            "gke_auto_upgrade_config": [],
            "id": "projects/massive-sandbox-477717-k3/locations/us-central1/clusters/stg-gke",
            "identity_service_config": [],
            "in_transit_encryption_config": "",
            "initial_node_count": 1,
            "ip_allocation_policy": [
              {
                "additional_ip_ranges_config": [],
                "additional_pod_ranges_config": [],
                "cluster_ipv4_cidr_block": "10.48.0.0/14",
                "cluster_secondary_range_name": "gke-stg-gke-pods-cde32e0a",
                "pod_cidr_overprovision_config": [
                  {
                    "disabled": false
                  }
                ],
                "services_ipv4_cidr_block": "34.118.224.0/20",
                "services_secondary_range_name": "",
                "stack_type": "IPV4"
              }
            ],
            "label_fingerprint": "78cdf2f6",
            "location": "us-central1",
            "logging_config": [
              {
                "enable_components": [
                  "SYSTEM_COMPONENTS",
                  "WORKLOADS"
                ]
              }
            ],
            "logging_service": "logging.googleapis.com/kubernetes",
            "maintenance_policy": [],
            "master_auth": [
              {
                "client_certificate": "",
                "client_certificate_config": [
                  {
                    "issue_client_certificate": false
                  }
                ],
                "client_key": "",
                "cluster_ca_certificate": "LS0tLS1CRUdJTiBDRVJUSUZJQ0FURS0tLS0tCk1JSUVMRENDQXBTZ0F3SUJBZ0lRWnFUa1hVa0F1ZWxENWlaYXRrWW1WekFOQmdrcWhraUc5dzBCQVFzRkFEQXYKTVMwd0t3WURWUVFERXlReU16ZzRNV0ZpT0MwNU56Um1MVFJtT1dNdFlXRmxPUzB3TlRNNE1EZzVZemRqWlRNdwpJQmNOTWpVeE1qSXdNRGt3TURJNFdoZ1BNakExTlRFeU1UTXhNREF3TWpoYU1DOHhMVEFyQmdOVkJBTVRKREl6Ck9EZ3hZV0k0TFRrM05HWXROR1k1WXkxaFlXVTVMVEExTXpnd09EbGpOMk5sTXpDQ0FhSXdEUVlKS29aSWh2Y04KQVFFQkJRQURnZ0dQQURDQ0FZb0NnZ0dCQUtqekxQTnRkQit6WDB5VlpOcVQ2VE9kSXpTS0Y1a1d3cU5ndm5ySgpKR2RVM0g2bmdlMkFGNFpZV0VkWk91VGk3d0c5TjJzV0poRWVjUnlLQjZWdGdsSTUvK2lkQUp5aWlDT2t0TXJHCnMxWkNBN28vY09rSVB0ay9vQzNNZmlnMXYrYk9BaWUvam8xLzVNV1Vwc3g1RHlmOW5FMnRkZC9pMVlGMXYwOWYKOUg3MXc1NzJlSDFmakdpTlB6c2l5ZzhRbGlnQXRqUVhBUFFMNEcrZkx2N2JyVWEvOWRIVUVLb0lBRk9RTFY5VQpWU1Y2WVdyRVJEVzNMUEpFSGR2ZGlONytVa25HMWZpQVl4SFJIYml0VHpZWlhBdHpEZDlETjJmRUdxN3ZDRldXCnVsQ2FrMnJKSnNHMGhmZ3dXb3RTZHRNOFd1MEo0Z2Rvcng2bmcrdkZrUk82ckxuYVNiem5IUXZrNjdPMEMrbFYKeXNhK080SzFQbmV0ZzlTK1oyTXZBd0tjS2JCMFN3ZVVKRGNOY1JHa3BqWExMMjFMYVZZTFFXeXpFUElXdEgxTQo0dUZUUE5xZ095UXFHaE5WZ0YvRnp6ZzFlV0J6ZnpsRWxPUHlONUltZThzMXpXZTE5S3dvNGxNY21uMlpERjMzCmdpbDdPM3NVOVViQ01vV0Z5VWdEYVBMYjJRSURBUUFCbzBJd1FEQU9CZ05WSFE4QkFmOEVCQU1DQWdRd0R3WUQKVlIwVEFRSC9CQVV3QXdFQi96QWRCZ05WSFE0RUZnUVVvallFMXRsdzlBRmRKTGtSWkIxWHNweHp3V0V3RFFZSgpLb1pJaHZjTkFRRUxCUUFEZ2dHQkFGVzNMM1I0eFJyajZhb2IrdzdFOXpYSmRYeEQwQWRDTVdrTTIzeVcxN0hnCjRjRnEyRndLTHFVcHpGYXhlbkduRWNoMHhDWUlXWmNLVVBQSzNnalUwd014WE95aG1HT2lWTysyY04xTTVHdVgKMlpLWlN4VSs3WFJYNDRSblR0cHJhLzIrMDB1RzdJeTJqQkVRR2w0Rit4RTczUEJMNWF6bGU5UzFkYm96VWUyTwpiRTZ4ZVdSTVZIYUtDakd5a1RIblh4MlZiMWJScGlaYnFoODU4MXh0Zy9PUXllUmNXZzdZTDZTUjZYbDU1WllCCjNjQWtVS3Rvak5iQmlPakUzeVlta1pCUU9ETzVmU0crVitnc09ET3lPUnVjQXhYQmQrdkdhZUxvYk03UlgrRnUKV0U4ak10cDVsNHZHaDR4K1k1ME9jMzFSZjU2ZHNscHFvcUM1RlBHbTMwcWZ5U0xJeWJOdlo5R2lzTlY4T0V5agpoVHB6YUZUOEM1TUR3b0xvMldZaUYzSmNtTUQxYkR1Rnp4OC9aSnNFclAxYzcxNDRuY3Bic1ZSZWZ1OUNRUTVBCkUvTzAzNXlBTjBpRTFXNzFVTXZjVlB4TnZ5WWFHMlZzK2NJajZCY0d2UzE5Ny8vZUFYbEVJc2F6MVgxVk1MbEoKSElneVZHTHI5VTVGU24zTElYaFQvZz09Ci0tLS0tRU5EIENFUlRJRklDQVRFLS0tLS0K"
              }
            ],
            "master_authorized_networks_config": [],
            "master_version": "1.33.5-gke.1308000",
            "mesh_certificates": [],
            "min_master_version": null,
            "monitoring_config": [
              {
                "advanced_datapath_observability_config": [
                  {
                    "enable_metrics": false,
                    "enable_relay": false
                  }
                ],
                "enable_components": [
                  "SYSTEM_COMPONENTS",
                  "STORAGE",
                  "HPA",
                  "POD",
                  "DAEMONSET",
                  "DEPLOYMENT",
                  "STATEFULSET",
                  "JOBSET",
                  "KUBELET",
                  "CADVISOR",
                  "DCGM"
                ],
                "managed_prometheus": [
                  {
                    "auto_monitoring_config": [],
                    "enabled": true
                  }
                ]
              }
            ],
            "monitoring_service": "monitoring.googleapis.com/kubernetes",
            "name": "stg-gke",
            "network": "projects/massive-sandbox-477717-k3/global/networks/staging-staging-vpc",
            "network_performance_config": [],
            "network_policy": [
              {
                "enabled": false,
                "provider": "PROVIDER_UNSPECIFIED"
              }
            ],
            "networking_mode": "VPC_NATIVE",
            "node_config": [
              {
                "advanced_machine_features": [],
                "boot_disk": [
                  {
                    "disk_type": "pd-balanced",
                    "provisioned_iops": 0,
                    "provisioned_throughput": 0,
                    "size_gb": 100
                  }
                ],
                "boot_disk_kms_key": "",
                "confidential_nodes": [],
                "containerd_config": [],
                "disk_size_gb": 100,
                "disk_type": "pd-balanced",
                "effective_taints": [],
                "enable_confidential_storage": false,
                "ephemeral_storage_local_ssd_config": [],
                "fast_socket": [],
                "flex_start": false,
                "gcfs_config": [],
                "guest_accelerator": [],
                "gvnic": [],
                "host_maintenance_policy": [],
                "image_type": "COS_CONTAINERD",
                "kubelet_config": [
                  {
                    "allowed_unsafe_sysctls": [],
                    "container_log_max_files": 0,
                    "container_log_max_size": "",
                    "cpu_cfs_quota": false,
                    "cpu_cfs_quota_period": "",
                    "cpu_manager_policy": "",
                    "eviction_max_pod_grace_period_seconds": 0,
                    "eviction_minimum_reclaim": [],
                    "eviction_soft": [],
                    "eviction_soft_grace_period": [],
                    "image_gc_high_threshold_percent": 0,
                    "image_gc_low_threshold_percent": 0,
                    "image_maximum_gc_age": "",
                    "image_minimum_gc_age": "",
                    "insecure_kubelet_readonly_port_enabled": "FALSE",
                    "max_parallel_image_pulls": 2,
                    "pod_pids_limit": 0,
                    "single_process_oom_kill": false
                  }
                ],
                "labels": {},
                "linux_node_config": [],
                "local_nvme_ssd_block_config": [],
                "local_ssd_count": 0,
                "local_ssd_encryption_mode": "",
                "logging_variant": "DEFAULT",
                "machine_type": "e2-medium",
                "max_run_duration": "",
                "metadata": {
                  "disable-legacy-endpoints": "true"
                },
                "min_cpu_platform": "",
                "node_group": "",
                "oauth_scopes": [
                  "https://www.googleapis.com/auth/cloud-platform"
                ],
                "preemptible": false,
                "reservation_affinity": [],
                "resource_labels": {
                  "goog-gke-node-pool-provisioning-model": "on-demand"
                },
                "resource_manager_tags": {},
                "secondary_boot_disks": [],
                "service_account": "gke-nodes-staging@massive-sandbox-477717-k3.iam.gserviceaccount.com",
                "shielded_instance_config": [
                  {
                    "enable_integrity_monitoring": true,
                    "enable_secure_boot": false
                  }
                ],
                "sole_tenant_config": [],
                "spot": false,
                "storage_pools": [],
                "tags": [],
                "taint": [],
                "windows_node_config": [
                  {
                    "osversion": ""
                  }
                ],
                "workload_metadata_config": [
                  {
                    "mode": "GKE_METADATA"
                  }
                ]
              }
            ],
            "node_locations": [
              "us-central1-a",
              "us-central1-b",
              "us-central1-c"
            ],
            "node_pool": [
              {
                "autoscaling": [],
                "initial_node_count": 1,
                "instance_group_urls": [
                  "https://www.googleapis.com/compute/v1/projects/massive-sandbox-477717-k3/zones/us-central1-a/instanceGroupManagers/gke-stg-gke-primary-pool-50fd1167-grp",
                  "https://www.googleapis.com/compute/v1/projects/massive-sandbox-477717-k3/zones/us-central1-b/instanceGroupManagers/gke-stg-gke-primary-pool-eb4d659e-grp",
                  "https://www.googleapis.com/compute/v1/projects/massive-sandbox-477717-k3/zones/us-central1-c/instanceGroupManagers/gke-stg-gke-primary-pool-ef6b408b-grp"
                ],
                "managed_instance_group_urls": [
                  "https://www.googleapis.com/compute/v1/projects/massive-sandbox-477717-k3/zones/us-central1-a/instanceGroups/gke-stg-gke-primary-pool-50fd1167-grp",
                  "https://www.googleapis.com/compute/v1/projects/massive-sandbox-477717-k3/zones/us-central1-b/instanceGroups/gke-stg-gke-primary-pool-eb4d659e-grp",
                  "https://www.googleapis.com/compute/v1/projects/massive-sandbox-477717-k3/zones/us-central1-c/instanceGroups/gke-stg-gke-primary-pool-ef6b408b-grp"
                ],
                "management": [
                  {
                    "auto_repair": true,
                    "auto_upgrade": true
                  }
                ],
                "max_pods_per_node": 110,
                "name": "primary-pool",
                "name_prefix": "",
                "network_config": [
                  {
                    "additional_node_network_configs": [],
                    "additional_pod_network_configs": [],
                    "create_pod_range": false,
                    "enable_private_nodes": false,
                    "network_performance_config": [],
                    "pod_cidr_overprovision_config": [],
                    "pod_ipv4_cidr_block": "10.48.0.0/14",
                    "pod_range": "gke-stg-gke-pods-cde32e0a",
                    "subnetwork": "projects/massive-sandbox-477717-k3/regions/us-central1/subnetworks/stg-subnet-staging"
                  }
                ],
                "node_config": [
                  {
                    "advanced_machine_features": [],
                    "boot_disk": [
                      {
                        "disk_type": "pd-balanced",
                        "provisioned_iops": 0,
                        "provisioned_throughput": 0,
                        "size_gb": 100
                      }
                    ],
                    "boot_disk_kms_key": "",
                    "confidential_nodes": [],
                    "containerd_config": [],
                    "disk_size_gb": 100,
                    "disk_type": "pd-balanced",
                    "effective_taints": [],
                    "enable_confidential_storage": false,
                    "ephemeral_storage_local_ssd_config": [],
                    "fast_socket": [],
                    "flex_start": false,
                    "gcfs_config": [],
                    "guest_accelerator": [],
                    "gvnic": [],
                    "host_maintenance_policy": [],
                    "image_type": "COS_CONTAINERD",
                    "kubelet_config": [
                      {
                        "allowed_unsafe_sysctls": [],
                        "container_log_max_files": 0,
                        "container_log_max_size": "",
                        "cpu_cfs_quota": false,
                        "cpu_cfs_quota_period": "",
                        "cpu_manager_policy": "",
                        "eviction_max_pod_grace_period_seconds": 0,
                        "eviction_minimum_reclaim": [],
                        "eviction_soft": [],
                        "eviction_soft_grace_period": [],
                        "image_gc_high_threshold_percent": 0,
                        "image_gc_low_threshold_percent": 0,
                        "image_maximum_gc_age": "",
                        "image_minimum_gc_age": "",
                        "insecure_kubelet_readonly_port_enabled": "FALSE",
                        "max_parallel_image_pulls": 2,
                        "pod_pids_limit": 0,
                        "single_process_oom_kill": false
                      }
                    ],
                    "labels": {},
                    "linux_node_config": [],
                    "local_nvme_ssd_block_config": [],
                    "local_ssd_count": 0,
                    "local_ssd_encryption_mode": "",
                    "logging_variant": "DEFAULT",
                    "machine_type": "e2-medium",
                    "max_run_duration": "",
                    "metadata": {
                      "disable-legacy-endpoints": "true"
                    },
                    "min_cpu_platform": "",
                    "node_group": "",
                    "oauth_scopes": [
                      "https://www.googleapis.com/auth/cloud-platform"
                    ],
                    "preemptible": false,
                    "reservation_affinity": [],
                    "resource_labels": {
                      "goog-gke-node-pool-provisioning-model": "on-demand"
                    },
                    "resource_manager_tags": {},
                    "secondary_boot_disks": [],
                    "service_account": "gke-nodes-staging@massive-sandbox-477717-k3.iam.gserviceaccount.com",
                    "shielded_instance_config": [
                      {
                        "enable_integrity_monitoring": true,
                        "enable_secure_boot": false
                      }
                    ],
                    "sole_tenant_config": [],
                    "spot": false,
                    "storage_pools": [],
                    "tags": [],
                    "taint": [],
                    "windows_node_config": [
                      {
                        "osversion": ""
                      }
                    ],
                    "workload_metadata_config": [
                      {
                        "mode": "GKE_METADATA"
                      }
                    ]
                  }
                ],
                "node_count": 1,
                "node_locations": [
                  "us-central1-a",
                  "us-central1-b",
                  "us-central1-c"
                ],
                "placement_policy": [],
                "queued_provisioning": [],
                "upgrade_settings": [
                  {
                    "blue_green_settings": [],
                    "max_surge": 1,
                    "max_unavailable": 0,
                    "strategy": "SURGE"
                  }
                ],
                "version": "1.33.5-gke.1308000"
              }
            ],
            "node_pool_auto_config": [
              {
                "linux_node_config": [],
                "network_tags": [],
                "node_kubelet_config": [
                  {
                    "insecure_kubelet_readonly_port_enabled": "FALSE"
                  }
                ],
                "resource_manager_tags": {}
              }
            ],
            "node_pool_defaults": [
              {
                "node_config_defaults": [
                  {
                    "containerd_config": [],
                    "gcfs_config": [],
                    "insecure_kubelet_readonly_port_enabled": "FALSE",
                    "logging_variant": "DEFAULT"
                  }
                ]
              }
            ],
            "node_version": "1.33.5-gke.1308000",
            "notification_config": [
              {
                "pubsub": [
                  {
                    "enabled": false,
                    "filter": [],
                    "topic": ""
                  }
                ]
              }
            ],
            "operation": null,
            "pod_autoscaling": [
              {
                "hpa_profile": "PERFORMANCE"
              }
            ],
            "private_cluster_config": [
              {
                "enable_private_endpoint": false,
                "enable_private_nodes": false,
                "master_global_access_config": [
                  {
                    "enabled": false
                  }
                ],
                "master_ipv4_cidr_block": "",
                "peering_name": "",
                "private_endpoint": "10.20.0.2",
                "private_endpoint_subnetwork": "",
                "public_endpoint": "34.31.158.145"
              }
            ],
            "private_ipv6_google_access": "",
            "project": "massive-sandbox-477717-k3",
            "rbac_binding_config": [
              {
                "enable_insecure_binding_system_authenticated": true,
                "enable_insecure_binding_system_unauthenticated": true
              }
            ],
            "release_channel": [
              {
                "channel": "REGULAR"
              }
            ],
            "remove_default_node_pool": true,
            "resource_labels": {},
            "resource_usage_export_config": [],
            "secret_manager_config": [
              {
                "enabled": false
              }
            ],
            "security_posture_config": [
              {
                "mode": "BASIC",
                "vulnerability_mode": "VULNERABILITY_MODE_UNSPECIFIED"
              }
            ],
            "self_link": "https://container.googleapis.com/v1/projects/massive-sandbox-477717-k3/locations/us-central1/clusters/stg-gke",
            "service_external_ips_config": [
              {
                "enabled": false
              }
            ],
            "services_ipv4_cidr": "34.118.224.0/20",
            "subnetwork": "projects/massive-sandbox-477717-k3/regions/us-central1/subnetworks/stg-subnet-staging",
            "terraform_labels": {
              "goog-terraform-provisioned": "true"
            },
            "timeouts": null,
            "tpu_ipv4_cidr_block": "",
            "user_managed_keys_config": [],
            "vertical_pod_autoscaling": [],
            "workload_identity_config": [
              {
                "workload_pool": "massive-sandbox-477717-k3.svc.id.goog"
              }
            ]
          },
          "sensitive_attributes": [
            [
              {
                "type": "get_attr",
                "value": "master_auth"
              },
              {
                "type": "index",
                "value": {
                  "value": 0,
                  "type": "number"
                }
              },
              {
                "type": "get_attr",
                "value": "client_key"
              }
            ]
          ],
          "identity_schema_version": 0,
          "private": "eyJlMmJmYjczMC1lY2FhLTExZTYtOGY4OC0zNDM2M2JjN2M0YzAiOnsiY3JlYXRlIjoyNDAwMDAwMDAwMDAwLCJkZWxldGUiOjI0MDAwMDAwMDAwMDAsInJlYWQiOjI0MDAwMDAwMDAwMDAsInVwZGF0ZSI6MzYwMDAwMDAwMDAwMH0sInNjaGVtYV92ZXJzaW9uIjoiMiJ9",
          "dependencies": [
            "module.network.google_compute_network.vpc",
            "module.network.google_compute_subnetwork.private"
          ]
        }
      ]
    },
    {
      "module": "module.gke",
      "mode": "managed",
      "type": "google_container_node_pool",
      "name": "primary",
      "provider": "provider[\"registry.terraform.io/hashicorp/google\"]",
      "instances": [
        {
          "schema_version": 1,
          "attributes": {
            "autoscaling": [],
            "cluster": "stg-gke",
            "id": "projects/massive-sandbox-477717-k3/locations/us-central1/clusters/stg-gke/nodePools/primary-pool",
            "initial_node_count": 1,
            "instance_group_urls": [
              "https://www.googleapis.com/compute/v1/projects/massive-sandbox-477717-k3/zones/us-central1-a/instanceGroupManagers/gke-stg-gke-primary-pool-50fd1167-grp",
              "https://www.googleapis.com/compute/v1/projects/massive-sandbox-477717-k3/zones/us-central1-b/instanceGroupManagers/gke-stg-gke-primary-pool-eb4d659e-grp",
              "https://www.googleapis.com/compute/v1/projects/massive-sandbox-477717-k3/zones/us-central1-c/instanceGroupManagers/gke-stg-gke-primary-pool-ef6b408b-grp"
            ],
            "location": "us-central1",
            "managed_instance_group_urls": [
              "https://www.googleapis.com/compute/v1/projects/massive-sandbox-477717-k3/zones/us-central1-a/instanceGroups/gke-stg-gke-primary-pool-50fd1167-grp",
              "https://www.googleapis.com/compute/v1/projects/massive-sandbox-477717-k3/zones/us-central1-b/instanceGroups/gke-stg-gke-primary-pool-eb4d659e-grp",
              "https://www.googleapis.com/compute/v1/projects/massive-sandbox-477717-k3/zones/us-central1-c/instanceGroups/gke-stg-gke-primary-pool-ef6b408b-grp"
            ],
            "management": [
              {
                "auto_repair": true,
                "auto_upgrade": true
              }
            ],
            "max_pods_per_node": 110,
            "name": "primary-pool",
            "name_prefix": "",
            "network_config": [
              {
                "additional_node_network_configs": [],
                "additional_pod_network_configs": [],
                "create_pod_range": false,
                "enable_private_nodes": false,
                "network_performance_config": [],
                "pod_cidr_overprovision_config": [],
                "pod_ipv4_cidr_block": "10.48.0.0/14",
                "pod_range": "gke-stg-gke-pods-cde32e0a",
                "subnetwork": "projects/massive-sandbox-477717-k3/regions/us-central1/subnetworks/stg-subnet-staging"
              }
            ],
            "node_config": [
              {
                "advanced_machine_features": [],
                "boot_disk": [
                  {
                    "disk_type": "pd-balanced",
                    "provisioned_iops": 0,
                    "provisioned_throughput": 0,
                    "size_gb": 100
                  }
                ],
                "boot_disk_kms_key": "",
                "confidential_nodes": [],
                "containerd_config": [],
                "disk_size_gb": 100,
                "disk_type": "pd-balanced",
                "effective_taints": [],
                "enable_confidential_storage": false,
                "ephemeral_storage_local_ssd_config": [],
                "fast_socket": [],
                "flex_start": false,
                "gcfs_config": [],
                "guest_accelerator": [],
                "gvnic": [],
                "host_maintenance_policy": [],
                "image_type": "COS_CONTAINERD",
                "kubelet_config": [
                  {
                    "allowed_unsafe_sysctls": [],
                    "container_log_max_files": 0,
                    "container_log_max_size": "",
                    "cpu_cfs_quota": false,
                    "cpu_cfs_quota_period": "",
                    "cpu_manager_policy": "",
                    "eviction_max_pod_grace_period_seconds": 0,
                    "eviction_minimum_reclaim": [],
                    "eviction_soft": [],
                    "eviction_soft_grace_period": [],
                    "image_gc_high_threshold_percent": 0,
                    "image_gc_low_threshold_percent": 0,
                    "image_maximum_gc_age": "",
                    "image_minimum_gc_age": "",
                    "insecure_kubelet_readonly_port_enabled": "FALSE",
                    "max_parallel_image_pulls": 2,
                    "pod_pids_limit": 0,
                    "single_process_oom_kill": false
                  }
                ],
                "labels": {},
                "linux_node_config": [],
                "local_nvme_ssd_block_config": [],
                "local_ssd_count": 0,
                "local_ssd_encryption_mode": "",
                "logging_variant": "DEFAULT",
                "machine_type": "e2-medium",
                "max_run_duration": "",
                "metadata": {
                  "disable-legacy-endpoints": "true"
                },
                "min_cpu_platform": "",
                "node_group": "",
                "oauth_scopes": [
                  "https://www.googleapis.com/auth/cloud-platform"
                ],
                "preemptible": false,
                "reservation_affinity": [],
                "resource_labels": {
                  "goog-gke-node-pool-provisioning-model": "on-demand"
                },
                "resource_manager_tags": {},
                "secondary_boot_disks": [],
                "service_account": "gke-nodes-staging@massive-sandbox-477717-k3.iam.gserviceaccount.com",
                "shielded_instance_config": [
                  {
                    "enable_integrity_monitoring": true,
                    "enable_secure_boot": false
                  }
                ],
                "sole_tenant_config": [],
                "spot": false,
                "storage_pools": [],
                "tags": [],
                "taint": [],
                "windows_node_config": [
                  {
                    "osversion": ""
                  }
                ],
                "workload_metadata_config": [
                  {
                    "mode": "GKE_METADATA"
                  }
                ]
              }
            ],
            "node_count": 1,
            "node_locations": [
              "us-central1-a",
              "us-central1-b",
              "us-central1-c"
            ],
            "operation": null,
            "placement_policy": [],
            "project": "massive-sandbox-477717-k3",
            "queued_provisioning": [],
            "timeouts": null,
            "upgrade_settings": [
              {
                "blue_green_settings": [],
                "max_surge": 1,
                "max_unavailable": 0,
                "strategy": "SURGE"
              }
            ],
            "version": "1.33.5-gke.1308000"
          },
          "sensitive_attributes": [],
          "identity_schema_version": 0,
          "private": "eyJlMmJmYjczMC1lY2FhLTExZTYtOGY4OC0zNDM2M2JjN2M0YzAiOnsiY3JlYXRlIjoxODAwMDAwMDAwMDAwLCJkZWxldGUiOjE4MDAwMDAwMDAwMDAsInVwZGF0ZSI6MTgwMDAwMDAwMDAwMH0sInNjaGVtYV92ZXJzaW9uIjoiMSJ9",
          "dependencies": [
            "module.gke.google_container_cluster.gke",
            "module.network.google_compute_network.vpc",
            "module.network.google_compute_subnetwork.private"
          ]
        }
      ]
    },
    {
      "module": "module.iam",
      "mode": "managed",
      "type": "google_project_iam_member",
      "name": "sa_roles_per_role",
      "provider": "provider[\"registry.terraform.io/hashicorp/google\"]",
      "instances": [
        {
          "index_key": "app-runner|roles/container.admin",
          "schema_version": 0,
          "attributes": {
            "condition": [],
            "etag": "BwZGX42jDE4=",
            "id": "massive-sandbox-477717-k3/roles/container.admin/serviceAccount:app-runner@massive-sandbox-477717-k3.iam.gserviceaccount.com",
            "member": "serviceAccount:app-runner@massive-sandbox-477717-k3.iam.gserviceaccount.com",
            "project": "massive-sandbox-477717-k3",
            "role": "roles/container.admin"
          },
          "sensitive_attributes": [],
          "identity_schema_version": 0,
          "private": "bnVsbA==",
          "dependencies": [
            "module.iam.google_service_account.accounts"
          ]
        },
        {
          "index_key": "app-runner|roles/logging.logWriter",
          "schema_version": 0,
          "attributes": {
            "condition": [],
            "etag": "BwZGX42jDE4=",
            "id": "massive-sandbox-477717-k3/roles/logging.logWriter/serviceAccount:app-runner@massive-sandbox-477717-k3.iam.gserviceaccount.com",
            "member": "serviceAccount:app-runner@massive-sandbox-477717-k3.iam.gserviceaccount.com",
            "project": "massive-sandbox-477717-k3",
            "role": "roles/logging.logWriter"
          },
          "sensitive_attributes": [],
          "identity_schema_version": 0,
          "private": "bnVsbA==",
          "dependencies": [
            "module.iam.google_service_account.accounts"
          ]
        }
      ]
    },
    {
      "module": "module.iam",
      "mode": "managed",
      "type": "google_service_account",
      "name": "accounts",
      "provider": "provider[\"registry.terraform.io/hashicorp/google\"]",
      "instances": [
        {
          "index_key": "app-runner",
          "schema_version": 0,
          "attributes": {
            "account_id": "app-runner",
            "create_ignore_already_exists": null,
            "description": "",
            "disabled": false,
            "display_name": "Staging App Runner",
            "email": "app-runner@massive-sandbox-477717-k3.iam.gserviceaccount.com",
            "id": "projects/massive-sandbox-477717-k3/serviceAccounts/app-runner@massive-sandbox-477717-k3.iam.gserviceaccount.com",
            "member": "serviceAccount:app-runner@massive-sandbox-477717-k3.iam.gserviceaccount.com",
            "name": "projects/massive-sandbox-477717-k3/serviceAccounts/app-runner@massive-sandbox-477717-k3.iam.gserviceaccount.com",
            "project": "massive-sandbox-477717-k3",
            "timeouts": null,
            "unique_id": "117058242168148684194"
          },
          "sensitive_attributes": [],
          "identity_schema_version": 0,
          "private": "eyJlMmJmYjczMC1lY2FhLTExZTYtOGY4OC0zNDM2M2JjN2M0YzAiOnsiY3JlYXRlIjozMDAwMDAwMDAwMDB9fQ=="
        }
      ]
    },
    {
      "module": "module.network",
      "mode": "managed",
      "type": "google_compute_firewall",
      "name": "http",
      "provider": "provider[\"registry.terraform.io/hashicorp/google\"]",
      "instances": [
        {
          "index_key": 0,
          "schema_version": 1,
          "attributes": {
            "allow": [
              {
                "ports": [
                  "80"
                ],
                "protocol": "tcp"
              }
            ],
            "creation_timestamp": "2025-12-17T05:46:19.594-08:00",
            "deny": [],
            "description": "",
            "destination_ranges": [],
            "direction": "INGRESS",
            "disabled": false,
            "enable_logging": null,
            "id": "projects/massive-sandbox-477717-k3/global/firewalls/staging-vpc-staging-allow-http",
            "log_config": [],
            "name": "staging-vpc-staging-allow-http",
            "network": "https://www.googleapis.com/compute/v1/projects/massive-sandbox-477717-k3/global/networks/staging-staging-vpc",
            "params": [],
            "priority": 1000,
            "project": "massive-sandbox-477717-k3",
            "self_link": "https://www.googleapis.com/compute/v1/projects/massive-sandbox-477717-k3/global/firewalls/staging-vpc-staging-allow-http",
            "source_ranges": [
              "0.0.0.0/0"
            ],
            "source_service_accounts": [],
            "source_tags": [],
            "target_service_accounts": [],
            "target_tags": [
              "http"
            ],
            "timeouts": null
          },
          "sensitive_attributes": [],
          "identity_schema_version": 0,
          "private": "eyJlMmJmYjczMC1lY2FhLTExZTYtOGY4OC0zNDM2M2JjN2M0YzAiOnsiY3JlYXRlIjoxMjAwMDAwMDAwMDAwLCJkZWxldGUiOjEyMDAwMDAwMDAwMDAsInVwZGF0ZSI6MTIwMDAwMDAwMDAwMH0sInNjaGVtYV92ZXJzaW9uIjoiMSJ9",
          "dependencies": [
            "module.network.google_compute_network.vpc"
          ]
        }
      ]
    },
    {
      "module": "module.network",
      "mode": "managed",
      "type": "google_compute_firewall",
      "name": "https",
      "provider": "provider[\"registry.terraform.io/hashicorp/google\"]",
      "instances": [
        {
          "index_key": 0,
          "schema_version": 1,
          "attributes": {
            "allow": [
              {
                "ports": [
                  "443"
                ],
                "protocol": "tcp"
              }
            ],
            "creation_timestamp": "2025-12-17T05:46:19.379-08:00",
            "deny": [],
            "description": "",
            "destination_ranges": [],
            "direction": "INGRESS",
            "disabled": false,
            "enable_logging": null,
            "id": "projects/massive-sandbox-477717-k3/global/firewalls/staging-vpc-staging-allow-https",
            "log_config": [],
            "name": "staging-vpc-staging-allow-https",
            "network": "https://www.googleapis.com/compute/v1/projects/massive-sandbox-477717-k3/global/networks/staging-staging-vpc",
            "params": [],
            "priority": 1000,
            "project": "massive-sandbox-477717-k3",
            "self_link": "https://www.googleapis.com/compute/v1/projects/massive-sandbox-477717-k3/global/firewalls/staging-vpc-staging-allow-https",
            "source_ranges": [
              "0.0.0.0/0"
            ],
            "source_service_accounts": [],
            "source_tags": [],
            "target_service_accounts": [],
            "target_tags": [
              "https"
            ],
            "timeouts": null
          },
          "sensitive_attributes": [],
          "identity_schema_version": 0,
          "private": "eyJlMmJmYjczMC1lY2FhLTExZTYtOGY4OC0zNDM2M2JjN2M0YzAiOnsiY3JlYXRlIjoxMjAwMDAwMDAwMDAwLCJkZWxldGUiOjEyMDAwMDAwMDAwMDAsInVwZGF0ZSI6MTIwMDAwMDAwMDAwMH0sInNjaGVtYV92ZXJzaW9uIjoiMSJ9",
          "dependencies": [
            "module.network.google_compute_network.vpc"
          ]
        }
      ]
    },
    {
      "module": "module.network",
      "mode": "managed",
      "type": "google_compute_firewall",
      "name": "internal",
      "provider": "provider[\"registry.terraform.io/hashicorp/google\"]",
      "instances": [
        {
          "schema_version": 1,
          "attributes": {
            "allow": [
              {
                "ports": [
                  "0-65535"
                ],
                "protocol": "tcp"
              },
              {
                "ports": [
                  "0-65535"
                ],
                "protocol": "udp"
              },
              {
                "ports": [],
                "protocol": "icmp"
              }
            ],
            "creation_timestamp": "2025-12-17T05:46:19.043-08:00",
            "deny": [],
            "description": "",
            "destination_ranges": [],
            "direction": "INGRESS",
            "disabled": false,
            "enable_logging": null,
            "id": "projects/massive-sandbox-477717-k3/global/firewalls/staging-vpc-staging-allow-internal",
            "log_config": [],
            "name": "staging-vpc-staging-allow-internal",
            "network": "https://www.googleapis.com/compute/v1/projects/massive-sandbox-477717-k3/global/networks/staging-staging-vpc",
            "params": [],
            "priority": 1000,
            "project": "massive-sandbox-477717-k3",
            "self_link": "https://www.googleapis.com/compute/v1/projects/massive-sandbox-477717-k3/global/firewalls/staging-vpc-staging-allow-internal",
            "source_ranges": [
              "10.20.0.0/20"
            ],
            "source_service_accounts": [],
            "source_tags": [],
            "target_service_accounts": [],
            "target_tags": [],
            "timeouts": null
          },
          "sensitive_attributes": [],
          "identity_schema_version": 0,
          "private": "eyJlMmJmYjczMC1lY2FhLTExZTYtOGY4OC0zNDM2M2JjN2M0YzAiOnsiY3JlYXRlIjoxMjAwMDAwMDAwMDAwLCJkZWxldGUiOjEyMDAwMDAwMDAwMDAsInVwZGF0ZSI6MTIwMDAwMDAwMDAwMH0sInNjaGVtYV92ZXJzaW9uIjoiMSJ9",
          "dependencies": [
            "module.network.google_compute_network.vpc"
          ]
        }
      ]
    },
    {
      "module": "module.network",
      "mode": "managed",
      "type": "google_compute_firewall",
      "name": "ssh",
      "provider": "provider[\"registry.terraform.io/hashicorp/google\"]",
      "instances": [
        {
          "schema_version": 1,
          "attributes": {
            "allow": [
              {
                "ports": [
                  "22"
                ],
                "protocol": "tcp"
              }
            ],
            "creation_timestamp": "2025-12-17T05:46:19.575-08:00",
            "deny": [],
            "description": "",
            "destination_ranges": [],
            "direction": "INGRESS",
            "disabled": false,
            "enable_logging": null,
            "id": "projects/massive-sandbox-477717-k3/global/firewalls/staging-vpc-staging-allow-ssh",
            "log_config": [],
            "name": "staging-vpc-staging-allow-ssh",
            "network": "https://www.googleapis.com/compute/v1/projects/massive-sandbox-477717-k3/global/networks/staging-staging-vpc",
            "params": [],
            "priority": 1000,
            "project": "massive-sandbox-477717-k3",
            "self_link": "https://www.googleapis.com/compute/v1/projects/massive-sandbox-477717-k3/global/firewalls/staging-vpc-staging-allow-ssh",
            "source_ranges": [
              "0.0.0.0/0"
            ],
            "source_service_accounts": [],
            "source_tags": [],
            "target_service_accounts": [],
            "target_tags": [],
            "timeouts": null
          },
          "sensitive_attributes": [],
          "identity_schema_version": 0,
          "private": "eyJlMmJmYjczMC1lY2FhLTExZTYtOGY4OC0zNDM2M2JjN2M0YzAiOnsiY3JlYXRlIjoxMjAwMDAwMDAwMDAwLCJkZWxldGUiOjEyMDAwMDAwMDAwMDAsInVwZGF0ZSI6MTIwMDAwMDAwMDAwMH0sInNjaGVtYV92ZXJzaW9uIjoiMSJ9",
          "dependencies": [
            "module.network.google_compute_network.vpc"
          ]
        }
      ]
    },
    {
      "module": "module.network",
      "mode": "managed",
      "type": "google_compute_network",
      "name": "vpc",
      "provider": "provider[\"registry.terraform.io/hashicorp/google\"]",
      "instances": [
        {
          "schema_version": 0,
          "attributes": {
            "auto_create_subnetworks": false,
            "bgp_always_compare_med": false,
            "bgp_best_path_selection_mode": "LEGACY",
            "bgp_inter_region_cost": "",
            "delete_default_routes_on_create": false,
            "description": "Primary VPC for staging workloads",
            "enable_ula_internal_ipv6": false,
            "gateway_ipv4": "",
            "id": "projects/massive-sandbox-477717-k3/global/networks/staging-staging-vpc",
            "internal_ipv6_range": "",
            "mtu": 0,
            "name": "staging-staging-vpc",
            "network_firewall_policy_enforcement_order": "AFTER_CLASSIC_FIREWALL",
            "network_id": "7647999695287945980",
            "network_profile": "",
            "numeric_id": "7647999695287945980",
            "params": [],
            "project": "massive-sandbox-477717-k3",
            "routing_mode": "GLOBAL",
            "self_link": "https://www.googleapis.com/compute/v1/projects/massive-sandbox-477717-k3/global/networks/staging-staging-vpc",
            "timeouts": null
          },
          "sensitive_attributes": [],
          "identity_schema_version": 0,
          "private": "eyJlMmJmYjczMC1lY2FhLTExZTYtOGY4OC0zNDM2M2JjN2M0YzAiOnsiY3JlYXRlIjoxMjAwMDAwMDAwMDAwLCJkZWxldGUiOjEyMDAwMDAwMDAwMDAsInVwZGF0ZSI6MTIwMDAwMDAwMDAwMH19"
        }
      ]
    },
    {
      "module": "module.network",
      "mode": "managed",
      "type": "google_compute_router",
      "name": "router",
      "provider": "provider[\"registry.terraform.io/hashicorp/google\"]",
      "instances": [
        {
          "schema_version": 0,
          "attributes": {
            "bgp": [],
            "creation_timestamp": "2025-12-17T05:46:20.008-08:00",
            "description": "",
            "encrypted_interconnect_router": false,
            "id": "projects/massive-sandbox-477717-k3/regions/us-central1/routers/staging-vpc-staging-router",
            "md5_authentication_keys": [],
            "name": "staging-vpc-staging-router",
            "network": "https://www.googleapis.com/compute/v1/projects/massive-sandbox-477717-k3/global/networks/staging-staging-vpc",
            "project": "massive-sandbox-477717-k3",
            "region": "us-central1",
            "self_link": "https://www.googleapis.com/compute/v1/projects/massive-sandbox-477717-k3/regions/us-central1/routers/staging-vpc-staging-router",
            "timeouts": null
          },
          "sensitive_attributes": [],
          "identity_schema_version": 0,
          "private": "eyJlMmJmYjczMC1lY2FhLTExZTYtOGY4OC0zNDM2M2JjN2M0YzAiOnsiY3JlYXRlIjoxMjAwMDAwMDAwMDAwLCJkZWxldGUiOjEyMDAwMDAwMDAwMDAsInVwZGF0ZSI6MTIwMDAwMDAwMDAwMH19",
          "dependencies": [
            "module.network.google_compute_network.vpc"
          ]
        }
      ]
    },
    {
      "module": "module.network",
      "mode": "managed",
      "type": "google_compute_router_nat",
      "name": "nat",
      "provider": "provider[\"registry.terraform.io/hashicorp/google\"]",
      "instances": [
        {
          "schema_version": 0,
          "attributes": {
            "auto_network_tier": null,
            "drain_nat_ips": [],
            "enable_dynamic_port_allocation": false,
            "enable_endpoint_independent_mapping": false,
            "endpoint_types": [
              "ENDPOINT_TYPE_VM"
            ],
            "icmp_idle_timeout_sec": 30,
            "id": "massive-sandbox-477717-k3/us-central1/staging-vpc-staging-router/staging-vpc-staging-nat",
            "initial_nat_ips": null,
            "log_config": [
              {
                "enable": true,
                "filter": "ERRORS_ONLY"
              }
            ],
            "max_ports_per_vm": 0,
            "min_ports_per_vm": 0,
            "name": "staging-vpc-staging-nat",
            "nat64_subnetwork": [],
            "nat_ip_allocate_option": "AUTO_ONLY",
            "nat_ips": [],
            "project": "massive-sandbox-477717-k3",
            "region": "us-central1",
            "router": "staging-vpc-staging-router",
            "rules": [],
            "source_subnetwork_ip_ranges_to_nat": "LIST_OF_SUBNETWORKS",
            "source_subnetwork_ip_ranges_to_nat64": "",
            "subnetwork": [
              {
                "name": "https://www.googleapis.com/compute/v1/projects/massive-sandbox-477717-k3/regions/us-central1/subnetworks/stg-subnet-staging",
                "secondary_ip_range_names": [],
                "source_ip_ranges_to_nat": [
                  "ALL_IP_RANGES"
                ]
              }
            ],
            "tcp_established_idle_timeout_sec": 1200,
            "tcp_time_wait_timeout_sec": 120,
            "tcp_transitory_idle_timeout_sec": 30,
            "timeouts": null,
            "type": "PUBLIC",
            "udp_idle_timeout_sec": 30
          },
          "sensitive_attributes": [],
          "identity_schema_version": 0,
          "private": "eyJlMmJmYjczMC1lY2FhLTExZTYtOGY4OC0zNDM2M2JjN2M0YzAiOnsiY3JlYXRlIjoxMjAwMDAwMDAwMDAwLCJkZWxldGUiOjEyMDAwMDAwMDAwMDAsInVwZGF0ZSI6MTIwMDAwMDAwMDAwMH19",
          "dependencies": [
            "module.network.google_compute_network.vpc",
            "module.network.google_compute_router.router",
            "module.network.google_compute_subnetwork.private"
          ]
        }
      ]
    },
    {
      "module": "module.network",
      "mode": "managed",
      "type": "google_compute_subnetwork",
      "name": "private",
      "provider": "provider[\"registry.terraform.io/hashicorp/google\"]",
      "instances": [
        {
          "index_key": 0,
          "schema_version": 0,
          "attributes": {
            "creation_timestamp": "2025-12-17T05:46:20.003-08:00",
            "description": "",
            "enable_flow_logs": false,
            "external_ipv6_prefix": "",
            "fingerprint": null,
            "gateway_address": "10.20.0.1",
            "id": "projects/massive-sandbox-477717-k3/regions/us-central1/subnetworks/stg-subnet-staging",
            "internal_ipv6_prefix": "",
            "ip_cidr_range": "10.20.0.0/20",
            "ip_collection": null,
            "ipv6_access_type": "",
            "ipv6_cidr_range": "",
            "ipv6_gce_endpoint": "",
            "log_config": [],
            "name": "stg-subnet-staging",
            "network": "https://www.googleapis.com/compute/v1/projects/massive-sandbox-477717-k3/global/networks/staging-staging-vpc",
            "params": [],
            "private_ip_google_access": true,
            "private_ipv6_google_access": "DISABLE_GOOGLE_ACCESS",
            "project": "massive-sandbox-477717-k3",
            "purpose": "PRIVATE",
            "region": "us-central1",
            "reserved_internal_range": "",
            "role": "",
            "secondary_ip_range": [
              {
                "ip_cidr_range": "10.48.0.0/14",
                "range_name": "gke-stg-gke-pods-cde32e0a",
                "reserved_internal_range": ""
              }
            ],
            "self_link": "https://www.googleapis.com/compute/v1/projects/massive-sandbox-477717-k3/regions/us-central1/subnetworks/stg-subnet-staging",
            "send_secondary_ip_range_if_empty": null,
            "stack_type": "IPV4_ONLY",
            "state": "",
            "subnetwork_id": 8055613029643913924,
            "timeouts": null
          },
          "sensitive_attributes": [],
          "identity_schema_version": 0,
          "private": "eyJlMmJmYjczMC1lY2FhLTExZTYtOGY4OC0zNDM2M2JjN2M0YzAiOnsiY3JlYXRlIjoxMjAwMDAwMDAwMDAwLCJkZWxldGUiOjEyMDAwMDAwMDAwMDAsInVwZGF0ZSI6MTIwMDAwMDAwMDAwMH19",
          "dependencies": [
            "module.network.google_compute_network.vpc"
          ]
        }
      ]
    },
    {
      "module": "module.secret_manager",
      "mode": "managed",
      "type": "google_secret_manager_secret",
      "name": "secrets",
      "provider": "provider[\"registry.terraform.io/hashicorp/google\"]",
      "instances": [
        {
          "index_key": "another-secret",
          "schema_version": 0,
          "attributes": {
            "annotations": {},
            "create_time": "2025-12-19T16:53:33.503891Z",
            "deletion_protection": false,
            "effective_annotations": {},
            "effective_labels": {
              "goog-terraform-provisioned": "true"
            },
            "expire_time": "",
            "id": "projects/661961012629/secrets/another-secret",
            "labels": {},
            "name": "projects/661961012629/secrets/another-secret",
            "project": "661961012629",
            "replication": [
              {
                "auto": [],
                "user_managed": [
                  {
                    "replicas": [
                      {
                        "customer_managed_encryption": [],
                        "location": "us-central1"
                      },
                      {
                        "customer_managed_encryption": [],
                        "location": "us-east1"
                      }
                    ]
                  }
                ]
              }
            ],
            "rotation": [],
            "secret_id": "another-secret",
            "tags": null,
            "terraform_labels": {
              "goog-terraform-provisioned": "true"
            },
            "timeouts": null,
            "topics": [],
            "ttl": null,
            "version_aliases": {},
            "version_destroy_ttl": ""
          },
          "sensitive_attributes": [],
          "identity_schema_version": 0,
          "private": "eyJlMmJmYjczMC1lY2FhLTExZTYtOGY4OC0zNDM2M2JjN2M0YzAiOnsiY3JlYXRlIjoxMjAwMDAwMDAwMDAwLCJkZWxldGUiOjEyMDAwMDAwMDAwMDAsInVwZGF0ZSI6MTIwMDAwMDAwMDAwMH19"
        },
        {
          "index_key": "api-key",
          "schema_version": 0,
          "attributes": {
            "annotations": {},
            "create_time": "2025-12-19T16:53:33.243208Z",
            "deletion_protection": false,
            "effective_annotations": {},
            "effective_labels": {
              "goog-terraform-provisioned": "true"
            },
            "expire_time": "",
            "id": "projects/massive-sandbox-477717-k3/secrets/api-key",
            "labels": {},
            "name": "projects/661961012629/secrets/api-key",
            "project": "massive-sandbox-477717-k3",
            "replication": [
              {
                "auto": [],
                "user_managed": [
                  {
                    "replicas": [
                      {
                        "customer_managed_encryption": [],
                        "location": "us-central1"
                      },
                      {
                        "customer_managed_encryption": [],
                        "location": "us-east1"
                      }
                    ]
                  }
                ]
              }
            ],
            "rotation": [],
            "secret_id": "api-key",
            "tags": null,
            "terraform_labels": {
              "goog-terraform-provisioned": "true"
            },
            "timeouts": null,
            "topics": [],
            "ttl": null,
            "version_aliases": {},
            "version_destroy_ttl": ""
          },
          "sensitive_attributes": [],
          "identity_schema_version": 0,
          "private": "eyJlMmJmYjczMC1lY2FhLTExZTYtOGY4OC0zNDM2M2JjN2M0YzAiOnsiY3JlYXRlIjoxMjAwMDAwMDAwMDAwLCJkZWxldGUiOjEyMDAwMDAwMDAwMDAsInVwZGF0ZSI6MTIwMDAwMDAwMDAwMH19"
        },
        {
          "index_key": "db-connection",
          "schema_version": 0,
          "attributes": {
            "annotations": {},
            "create_time": "2025-12-19T16:53:33.255304Z",
            "deletion_protection": false,
            "effective_annotations": {},
            "effective_labels": {
              "goog-terraform-provisioned": "true"
            },
            "expire_time": "",
            "id": "projects/massive-sandbox-477717-k3/secrets/db-connection",
            "labels": {},
            "name": "projects/661961012629/secrets/db-connection",
            "project": "massive-sandbox-477717-k3",
            "replication": [
              {
                "auto": [],
                "user_managed": [
                  {
                    "replicas": [
                      {
                        "customer_managed_encryption": [],
                        "location": "us-central1"
                      },
                      {
                        "customer_managed_encryption": [],
                        "location": "us-east1"
                      }
                    ]
                  }
                ]
              }
            ],
            "rotation": [],
            "secret_id": "db-connection",
            "tags": null,
            "terraform_labels": {
              "goog-terraform-provisioned": "true"
            },
            "timeouts": null,
            "topics": [],
            "ttl": null,
            "version_aliases": {},
            "version_destroy_ttl": ""
          },
          "sensitive_attributes": [],
          "identity_schema_version": 0,
          "private": "eyJlMmJmYjczMC1lY2FhLTExZTYtOGY4OC0zNDM2M2JjN2M0YzAiOnsiY3JlYXRlIjoxMjAwMDAwMDAwMDAwLCJkZWxldGUiOjEyMDAwMDAwMDAwMDAsInVwZGF0ZSI6MTIwMDAwMDAwMDAwMH19"
        }
      ]
    }
  ],
  "check_results": null
}
